// !$*UTF8*$!
{
	archiveVersion = 1;
	classes = {
	};
	objectVersion = 52;
	objects = {

/* Begin PBXBuildFile section */
		4303A9AC246F353F00BFE6AA /* Model.swift in Sources */ = {isa = PBXBuildFile; fileRef = 4303A9AB246F353F00BFE6AA /* Model.swift */; };
		4303A9AE246F35DE00BFE6AA /* RemoteAddAccount.swift in Sources */ = {isa = PBXBuildFile; fileRef = 4303A9AD246F35DE00BFE6AA /* RemoteAddAccount.swift */; };
		4303A9B0246F364A00BFE6AA /* HttpPostClient.swift in Sources */ = {isa = PBXBuildFile; fileRef = 4303A9AF246F364A00BFE6AA /* HttpPostClient.swift */; };
		4319DEA224748EFB00108B8A /* AppDelegate.swift in Sources */ = {isa = PBXBuildFile; fileRef = 4319DEA124748EFB00108B8A /* AppDelegate.swift */; };
		4319DEA424748EFB00108B8A /* SceneDelegate.swift in Sources */ = {isa = PBXBuildFile; fileRef = 4319DEA324748EFB00108B8A /* SceneDelegate.swift */; };
		4319DEA924748EFB00108B8A /* Main.storyboard in Resources */ = {isa = PBXBuildFile; fileRef = 4319DEA724748EFB00108B8A /* Main.storyboard */; };
		4319DEAC24748EFB00108B8A /* App.xcdatamodeld in Sources */ = {isa = PBXBuildFile; fileRef = 4319DEAA24748EFB00108B8A /* App.xcdatamodeld */; };
		4319DEAE24748F0100108B8A /* Assets.xcassets in Resources */ = {isa = PBXBuildFile; fileRef = 4319DEAD24748F0100108B8A /* Assets.xcassets */; };
		4319DEB124748F0100108B8A /* LaunchScreen.storyboard in Resources */ = {isa = PBXBuildFile; fileRef = 4319DEAF24748F0100108B8A /* LaunchScreen.storyboard */; };
		4319DEBC24748F0200108B8A /* SignUpViewControllerTests.swift in Sources */ = {isa = PBXBuildFile; fileRef = 4319DEBB24748F0200108B8A /* SignUpViewControllerTests.swift */; };
		4319DEC724748F0200108B8A /* AppUITests.swift in Sources */ = {isa = PBXBuildFile; fileRef = 4319DEC624748F0200108B8A /* AppUITests.swift */; };
		4319DED42474992900108B8A /* SignUpViewController.swift in Sources */ = {isa = PBXBuildFile; fileRef = 4319DED32474992900108B8A /* SignUpViewController.swift */; };
		4319DED824749A2800108B8A /* MyriadProCond.ttf in Resources */ = {isa = PBXBuildFile; fileRef = 4319DED624749A2800108B8A /* MyriadProCond.ttf */; };
		4319DED924749A2800108B8A /* Artbrush.ttf in Resources */ = {isa = PBXBuildFile; fileRef = 4319DED724749A2800108B8A /* Artbrush.ttf */; };
		4323AC92247055C2001AFAEF /* AlamofireAdapter.swift in Sources */ = {isa = PBXBuildFile; fileRef = 4323AC91247055C2001AFAEF /* AlamofireAdapter.swift */; };
		4323AC9624705715001AFAEF /* UrlProtocolStub.swift in Sources */ = {isa = PBXBuildFile; fileRef = 4323AC9524705715001AFAEF /* UrlProtocolStub.swift */; };
		4323AC9E247060A3001AFAEF /* AddAccountIntegrationTests.swift in Sources */ = {isa = PBXBuildFile; fileRef = 4323AC9D247060A3001AFAEF /* AddAccountIntegrationTests.swift */; };
		4323ACA0247060A3001AFAEF /* Data.framework in Frameworks */ = {isa = PBXBuildFile; fileRef = 43D0111B246F206B00D9B903 /* Data.framework */; };
		4340F9D2246F39C10005CCBB /* DomainError.swift in Sources */ = {isa = PBXBuildFile; fileRef = 4340F9D1246F39C10005CCBB /* DomainError.swift */; };
		4340F9D4246F418E0005CCBB /* HttpError.swift in Sources */ = {isa = PBXBuildFile; fileRef = 4340F9D3246F418E0005CCBB /* HttpError.swift */; };
		43562922246F646300C28608 /* ExtensionHelpers.swift in Sources */ = {isa = PBXBuildFile; fileRef = 43562921246F646300C28608 /* ExtensionHelpers.swift */; };
		43562925246F6E5E00C28608 /* TestExtensions.swift in Sources */ = {isa = PBXBuildFile; fileRef = 43562924246F6E5E00C28608 /* TestExtensions.swift */; };
		43562927246F6EDA00C28608 /* TestFactories.swift in Sources */ = {isa = PBXBuildFile; fileRef = 43562926246F6EDA00C28608 /* TestFactories.swift */; };
		4356292A246F6F2100C28608 /* HttpClientSpy.swift in Sources */ = {isa = PBXBuildFile; fileRef = 43562929246F6F2100C28608 /* HttpClientSpy.swift */; };
		4356292C246F6F8200C28608 /* AccountModelFactory.swift in Sources */ = {isa = PBXBuildFile; fileRef = 4356292B246F6F8200C28608 /* AccountModelFactory.swift */; };
		4356293B246F73D800C28608 /* Infra.framework in Frameworks */ = {isa = PBXBuildFile; fileRef = 43562932246F73D700C28608 /* Infra.framework */; };
		43562940246F73D800C28608 /* AlamofireAdapterTests.swift in Sources */ = {isa = PBXBuildFile; fileRef = 4356293F246F73D800C28608 /* AlamofireAdapterTests.swift */; };
		43562949246F74AB00C28608 /* Data.framework in Frameworks */ = {isa = PBXBuildFile; fileRef = 43D0111B246F206B00D9B903 /* Data.framework */; };
		4356294A246F74AB00C28608 /* Data.framework in Embed Frameworks */ = {isa = PBXBuildFile; fileRef = 43D0111B246F206B00D9B903 /* Data.framework */; settings = {ATTRIBUTES = (CodeSignOnCopy, RemoveHeadersOnCopy, ); }; };
		4356294E246F74D200C28608 /* TestExtensions.swift in Sources */ = {isa = PBXBuildFile; fileRef = 43562924246F6E5E00C28608 /* TestExtensions.swift */; };
		4356294F246F74D600C28608 /* TestFactories.swift in Sources */ = {isa = PBXBuildFile; fileRef = 43562926246F6EDA00C28608 /* TestFactories.swift */; };
		43562952246F758C00C28608 /* Alamofire in Frameworks */ = {isa = PBXBuildFile; productRef = 43562951246F758C00C28608 /* Alamofire */; };
		435A5EE32472338B008CD75D /* LoadingView.swift in Sources */ = {isa = PBXBuildFile; fileRef = 435A5EE22472338B008CD75D /* LoadingView.swift */; };
		43616A5724757541007C3635 /* LoginViewController.swift in Sources */ = {isa = PBXBuildFile; fileRef = 43616A5624757541007C3635 /* LoginViewController.swift */; };
		43616A5A2475CC62007C3635 /* TestExtensions.swift in Sources */ = {isa = PBXBuildFile; fileRef = 43616A592475CC62007C3635 /* TestExtensions.swift */; };
		43616A5D2475DA51007C3635 /* UIViewControllerExtensions.swift in Sources */ = {isa = PBXBuildFile; fileRef = 43616A5C2475DA51007C3635 /* UIViewControllerExtensions.swift */; };
		43616A5E2475DFC3007C3635 /* Presentation.framework in Frameworks */ = {isa = PBXBuildFile; fileRef = 439E7CF524707A4A00B73B3D /* Presentation.framework */; };
		43616A5F2475DFC3007C3635 /* Presentation.framework in Embed Frameworks */ = {isa = PBXBuildFile; fileRef = 439E7CF524707A4A00B73B3D /* Presentation.framework */; settings = {ATTRIBUTES = (RemoveHeadersOnCopy, ); }; };
		43616A622475E432007C3635 /* Storyboarded.swift in Sources */ = {isa = PBXBuildFile; fileRef = 43616A612475E432007C3635 /* Storyboarded.swift */; };
		43616A712475F1D4007C3635 /* Validation.framework in Frameworks */ = {isa = PBXBuildFile; fileRef = 43616A682475F1D4007C3635 /* Validation.framework */; };
		43616A762475F1D4007C3635 /* EmailValidatorAdapterTests.swift in Sources */ = {isa = PBXBuildFile; fileRef = 43616A752475F1D4007C3635 /* EmailValidatorAdapterTests.swift */; };
		43616A7F2475F2CC007C3635 /* Presentation.framework in Frameworks */ = {isa = PBXBuildFile; fileRef = 439E7CF524707A4A00B73B3D /* Presentation.framework */; };
		43616A802475F2CC007C3635 /* Presentation.framework in Embed Frameworks */ = {isa = PBXBuildFile; fileRef = 439E7CF524707A4A00B73B3D /* Presentation.framework */; settings = {ATTRIBUTES = (CodeSignOnCopy, RemoveHeadersOnCopy, ); }; };
		43730B3C2473096F00E2EE40 /* SignUpViewModel.swift in Sources */ = {isa = PBXBuildFile; fileRef = 43730B3B2473096F00E2EE40 /* SignUpViewModel.swift */; };
		43730B3E247309C000E2EE40 /* SignUpMapper.swift in Sources */ = {isa = PBXBuildFile; fileRef = 43730B3D247309C000E2EE40 /* SignUpMapper.swift */; };
		43730B4224730C8000E2EE40 /* AlertViewSpy.swift in Sources */ = {isa = PBXBuildFile; fileRef = 43730B4124730C8000E2EE40 /* AlertViewSpy.swift */; };
		43730B4524730CCC00E2EE40 /* EmailValidatorSpy.swift in Sources */ = {isa = PBXBuildFile; fileRef = 43730B4424730CCC00E2EE40 /* EmailValidatorSpy.swift */; };
		43730B4824730D0700E2EE40 /* AddAccountSpy.swift in Sources */ = {isa = PBXBuildFile; fileRef = 43730B4724730D0700E2EE40 /* AddAccountSpy.swift */; };
		43730B4B24730DC500E2EE40 /* LoadingViewSpy.swift in Sources */ = {isa = PBXBuildFile; fileRef = 43730B4924730D8800E2EE40 /* LoadingViewSpy.swift */; };
		43730B4E24730E6B00E2EE40 /* TestFactories.swift in Sources */ = {isa = PBXBuildFile; fileRef = 43730B4D24730E6B00E2EE40 /* TestFactories.swift */; };
		439006322475F72C00B33874 /* EmailValidatorAdapter.swift in Sources */ = {isa = PBXBuildFile; fileRef = 439006312475F72C00B33874 /* EmailValidatorAdapter.swift */; };
		439E7CFE24707A4A00B73B3D /* Presentation.framework in Frameworks */ = {isa = PBXBuildFile; fileRef = 439E7CF524707A4A00B73B3D /* Presentation.framework */; };
		439E7D0324707A4A00B73B3D /* SignPresenterTests.swift in Sources */ = {isa = PBXBuildFile; fileRef = 439E7D0224707A4A00B73B3D /* SignPresenterTests.swift */; };
		43ACD4372470E0370002ACE3 /* EmailValidator.swift in Sources */ = {isa = PBXBuildFile; fileRef = 43ACD4362470E0370002ACE3 /* EmailValidator.swift */; };
		43ACD4382470F3B10002ACE3 /* AccountModelFactory.swift in Sources */ = {isa = PBXBuildFile; fileRef = 4356292B246F6F8200C28608 /* AccountModelFactory.swift */; };
		43ACD439247109B30002ACE3 /* TestExtensions.swift in Sources */ = {isa = PBXBuildFile; fileRef = 43562924246F6E5E00C28608 /* TestExtensions.swift */; };
		43D01113246F1E2300D9B903 /* AddAccount.swift in Sources */ = {isa = PBXBuildFile; fileRef = 43D01112246F1E2300D9B903 /* AddAccount.swift */; };
		43D01115246F202A00D9B903 /* AccountModel.swift in Sources */ = {isa = PBXBuildFile; fileRef = 43D01114246F202A00D9B903 /* AccountModel.swift */; };
		43D01124246F206B00D9B903 /* Data.framework in Frameworks */ = {isa = PBXBuildFile; fileRef = 43D0111B246F206B00D9B903 /* Data.framework */; };
		43D01129246F206B00D9B903 /* RemoteAddAccountTests.swift in Sources */ = {isa = PBXBuildFile; fileRef = 43D01128246F206B00D9B903 /* RemoteAddAccountTests.swift */; };
		43D01133246F209200D9B903 /* Domain.framework in Frameworks */ = {isa = PBXBuildFile; fileRef = 43D0110A246F1D8000D9B903 /* Domain.framework */; };
		43D01134246F209200D9B903 /* Domain.framework in Embed Frameworks */ = {isa = PBXBuildFile; fileRef = 43D0110A246F1D8000D9B903 /* Domain.framework */; settings = {ATTRIBUTES = (CodeSignOnCopy, RemoveHeadersOnCopy, ); }; };
		43F29F1A247090DC0046C402 /* SignPresenter.swift in Sources */ = {isa = PBXBuildFile; fileRef = 43F29F19247090DC0046C402 /* SignPresenter.swift */; };
		43F29F1B2470914A0046C402 /* Domain.framework in Frameworks */ = {isa = PBXBuildFile; fileRef = 43D0110A246F1D8000D9B903 /* Domain.framework */; };
		43F29F1C2470914A0046C402 /* Domain.framework in Embed Frameworks */ = {isa = PBXBuildFile; fileRef = 43D0110A246F1D8000D9B903 /* Domain.framework */; settings = {ATTRIBUTES = (CodeSignOnCopy, RemoveHeadersOnCopy, ); }; };
		43F29F22247091C80046C402 /* AlertView.swift in Sources */ = {isa = PBXBuildFile; fileRef = 43F29F21247091C80046C402 /* AlertView.swift */; };
/* End PBXBuildFile section */

/* Begin PBXContainerItemProxy section */
		4319DEB824748F0100108B8A /* PBXContainerItemProxy */ = {
			isa = PBXContainerItemProxy;
			containerPortal = 4328C885246F1164007C6B69 /* Project object */;
			proxyType = 1;
			remoteGlobalIDString = 4319DE9E24748EFB00108B8A;
			remoteInfo = App;
		};
		4319DEC324748F0200108B8A /* PBXContainerItemProxy */ = {
			isa = PBXContainerItemProxy;
			containerPortal = 4328C885246F1164007C6B69 /* Project object */;
			proxyType = 1;
			remoteGlobalIDString = 4319DE9E24748EFB00108B8A;
			remoteInfo = App;
		};
		4323ACA1247060A3001AFAEF /* PBXContainerItemProxy */ = {
			isa = PBXContainerItemProxy;
			containerPortal = 4328C885246F1164007C6B69 /* Project object */;
			proxyType = 1;
			remoteGlobalIDString = 43D0111A246F206B00D9B903;
			remoteInfo = Data;
		};
		4323ACA6247060B7001AFAEF /* PBXContainerItemProxy */ = {
			isa = PBXContainerItemProxy;
			containerPortal = 4328C885246F1164007C6B69 /* Project object */;
			proxyType = 1;
			remoteGlobalIDString = 43D01109246F1D8000D9B903;
			remoteInfo = Domain;
		};
		4323ACA8247060B7001AFAEF /* PBXContainerItemProxy */ = {
			isa = PBXContainerItemProxy;
			containerPortal = 4328C885246F1164007C6B69 /* Project object */;
			proxyType = 1;
			remoteGlobalIDString = 43562931246F73D700C28608;
			remoteInfo = Infra;
		};
		4356293C246F73D800C28608 /* PBXContainerItemProxy */ = {
			isa = PBXContainerItemProxy;
			containerPortal = 4328C885246F1164007C6B69 /* Project object */;
			proxyType = 1;
			remoteGlobalIDString = 43562931246F73D700C28608;
			remoteInfo = Infra;
		};
		4356294B246F74AB00C28608 /* PBXContainerItemProxy */ = {
			isa = PBXContainerItemProxy;
			containerPortal = 4328C885246F1164007C6B69 /* Project object */;
			proxyType = 1;
			remoteGlobalIDString = 43D0111A246F206B00D9B903;
			remoteInfo = Data;
		};
		43616A722475F1D4007C3635 /* PBXContainerItemProxy */ = {
			isa = PBXContainerItemProxy;
			containerPortal = 4328C885246F1164007C6B69 /* Project object */;
			proxyType = 1;
			remoteGlobalIDString = 43616A672475F1D4007C3635;
			remoteInfo = Validation;
		};
		43616A812475F2CC007C3635 /* PBXContainerItemProxy */ = {
			isa = PBXContainerItemProxy;
			containerPortal = 4328C885246F1164007C6B69 /* Project object */;
			proxyType = 1;
			remoteGlobalIDString = 439E7CF424707A4A00B73B3D;
			remoteInfo = Presentation;
		};
		439E7CFF24707A4A00B73B3D /* PBXContainerItemProxy */ = {
			isa = PBXContainerItemProxy;
			containerPortal = 4328C885246F1164007C6B69 /* Project object */;
			proxyType = 1;
			remoteGlobalIDString = 439E7CF424707A4A00B73B3D;
			remoteInfo = Presentation;
		};
		43ADB5E22474B0F7001C18EB /* PBXContainerItemProxy */ = {
			isa = PBXContainerItemProxy;
			containerPortal = 4328C885246F1164007C6B69 /* Project object */;
			proxyType = 1;
			remoteGlobalIDString = 439E7CF424707A4A00B73B3D;
			remoteInfo = Presentation;
		};
		43D01125246F206B00D9B903 /* PBXContainerItemProxy */ = {
			isa = PBXContainerItemProxy;
			containerPortal = 4328C885246F1164007C6B69 /* Project object */;
			proxyType = 1;
			remoteGlobalIDString = 43D0111A246F206B00D9B903;
			remoteInfo = Data;
		};
		43D01135246F209200D9B903 /* PBXContainerItemProxy */ = {
			isa = PBXContainerItemProxy;
			containerPortal = 4328C885246F1164007C6B69 /* Project object */;
			proxyType = 1;
			remoteGlobalIDString = 43D01109246F1D8000D9B903;
			remoteInfo = Domain;
		};
		43F29F1D2470914A0046C402 /* PBXContainerItemProxy */ = {
			isa = PBXContainerItemProxy;
			containerPortal = 4328C885246F1164007C6B69 /* Project object */;
			proxyType = 1;
			remoteGlobalIDString = 43D01109246F1D8000D9B903;
			remoteInfo = Domain;
		};
/* End PBXContainerItemProxy section */

/* Begin PBXCopyFilesBuildPhase section */
		4356294D246F74AB00C28608 /* Embed Frameworks */ = {
			isa = PBXCopyFilesBuildPhase;
			buildActionMask = 2147483647;
			dstPath = "";
			dstSubfolderSpec = 10;
			files = (
				4356294A246F74AB00C28608 /* Data.framework in Embed Frameworks */,
			);
			name = "Embed Frameworks";
			runOnlyForDeploymentPostprocessing = 0;
		};
		43616A602475DFC3007C3635 /* Embed Frameworks */ = {
			isa = PBXCopyFilesBuildPhase;
			buildActionMask = 2147483647;
			dstPath = "";
			dstSubfolderSpec = 10;
			files = (
				43616A5F2475DFC3007C3635 /* Presentation.framework in Embed Frameworks */,
			);
			name = "Embed Frameworks";
			runOnlyForDeploymentPostprocessing = 0;
		};
		43616A832475F2CC007C3635 /* Embed Frameworks */ = {
			isa = PBXCopyFilesBuildPhase;
			buildActionMask = 2147483647;
			dstPath = "";
			dstSubfolderSpec = 10;
			files = (
				43616A802475F2CC007C3635 /* Presentation.framework in Embed Frameworks */,
			);
			name = "Embed Frameworks";
			runOnlyForDeploymentPostprocessing = 0;
		};
		43D01137246F209200D9B903 /* Embed Frameworks */ = {
			isa = PBXCopyFilesBuildPhase;
			buildActionMask = 2147483647;
			dstPath = "";
			dstSubfolderSpec = 10;
			files = (
				43D01134246F209200D9B903 /* Domain.framework in Embed Frameworks */,
			);
			name = "Embed Frameworks";
			runOnlyForDeploymentPostprocessing = 0;
		};
		43F29F1F2470914A0046C402 /* Embed Frameworks */ = {
			isa = PBXCopyFilesBuildPhase;
			buildActionMask = 2147483647;
			dstPath = "";
			dstSubfolderSpec = 10;
			files = (
				43F29F1C2470914A0046C402 /* Domain.framework in Embed Frameworks */,
			);
			name = "Embed Frameworks";
			runOnlyForDeploymentPostprocessing = 0;
		};
/* End PBXCopyFilesBuildPhase section */

/* Begin PBXFileReference section */
		4303A9AB246F353F00BFE6AA /* Model.swift */ = {isa = PBXFileReference; lastKnownFileType = sourcecode.swift; path = Model.swift; sourceTree = "<group>"; };
		4303A9AD246F35DE00BFE6AA /* RemoteAddAccount.swift */ = {isa = PBXFileReference; lastKnownFileType = sourcecode.swift; path = RemoteAddAccount.swift; sourceTree = "<group>"; };
		4303A9AF246F364A00BFE6AA /* HttpPostClient.swift */ = {isa = PBXFileReference; lastKnownFileType = sourcecode.swift; path = HttpPostClient.swift; sourceTree = "<group>"; };
		4319DE9F24748EFB00108B8A /* App.app */ = {isa = PBXFileReference; explicitFileType = wrapper.application; includeInIndex = 0; path = App.app; sourceTree = BUILT_PRODUCTS_DIR; };
		4319DEA124748EFB00108B8A /* AppDelegate.swift */ = {isa = PBXFileReference; lastKnownFileType = sourcecode.swift; path = AppDelegate.swift; sourceTree = "<group>"; };
		4319DEA324748EFB00108B8A /* SceneDelegate.swift */ = {isa = PBXFileReference; lastKnownFileType = sourcecode.swift; path = SceneDelegate.swift; sourceTree = "<group>"; };
		4319DEA824748EFB00108B8A /* Base */ = {isa = PBXFileReference; lastKnownFileType = file.storyboard; name = Base; path = Base.lproj/Main.storyboard; sourceTree = "<group>"; };
		4319DEAB24748EFB00108B8A /* App.xcdatamodel */ = {isa = PBXFileReference; lastKnownFileType = wrapper.xcdatamodel; path = App.xcdatamodel; sourceTree = "<group>"; };
		4319DEAD24748F0100108B8A /* Assets.xcassets */ = {isa = PBXFileReference; lastKnownFileType = folder.assetcatalog; path = Assets.xcassets; sourceTree = "<group>"; };
		4319DEB024748F0100108B8A /* Base */ = {isa = PBXFileReference; lastKnownFileType = file.storyboard; name = Base; path = Base.lproj/LaunchScreen.storyboard; sourceTree = "<group>"; };
		4319DEB224748F0100108B8A /* Info.plist */ = {isa = PBXFileReference; lastKnownFileType = text.plist.xml; path = Info.plist; sourceTree = "<group>"; };
		4319DEB724748F0100108B8A /* AppTests.xctest */ = {isa = PBXFileReference; explicitFileType = wrapper.cfbundle; includeInIndex = 0; path = AppTests.xctest; sourceTree = BUILT_PRODUCTS_DIR; };
		4319DEBB24748F0200108B8A /* SignUpViewControllerTests.swift */ = {isa = PBXFileReference; lastKnownFileType = sourcecode.swift; path = SignUpViewControllerTests.swift; sourceTree = "<group>"; };
		4319DEBD24748F0200108B8A /* Info.plist */ = {isa = PBXFileReference; lastKnownFileType = text.plist.xml; path = Info.plist; sourceTree = "<group>"; };
		4319DEC224748F0200108B8A /* AppUITests.xctest */ = {isa = PBXFileReference; explicitFileType = wrapper.cfbundle; includeInIndex = 0; path = AppUITests.xctest; sourceTree = BUILT_PRODUCTS_DIR; };
		4319DEC624748F0200108B8A /* AppUITests.swift */ = {isa = PBXFileReference; lastKnownFileType = sourcecode.swift; path = AppUITests.swift; sourceTree = "<group>"; };
		4319DEC824748F0200108B8A /* Info.plist */ = {isa = PBXFileReference; lastKnownFileType = text.plist.xml; path = Info.plist; sourceTree = "<group>"; };
		4319DED32474992900108B8A /* SignUpViewController.swift */ = {isa = PBXFileReference; lastKnownFileType = sourcecode.swift; path = SignUpViewController.swift; sourceTree = "<group>"; };
		4319DED624749A2800108B8A /* MyriadProCond.ttf */ = {isa = PBXFileReference; lastKnownFileType = file; path = MyriadProCond.ttf; sourceTree = "<group>"; };
		4319DED724749A2800108B8A /* Artbrush.ttf */ = {isa = PBXFileReference; lastKnownFileType = file; path = Artbrush.ttf; sourceTree = "<group>"; };
		4323AC91247055C2001AFAEF /* AlamofireAdapter.swift */ = {isa = PBXFileReference; lastKnownFileType = sourcecode.swift; path = AlamofireAdapter.swift; sourceTree = "<group>"; };
		4323AC9524705715001AFAEF /* UrlProtocolStub.swift */ = {isa = PBXFileReference; lastKnownFileType = sourcecode.swift; path = UrlProtocolStub.swift; sourceTree = "<group>"; };
		4323AC9B247060A3001AFAEF /* UseCasesIntegrationTests.xctest */ = {isa = PBXFileReference; explicitFileType = wrapper.cfbundle; includeInIndex = 0; path = UseCasesIntegrationTests.xctest; sourceTree = BUILT_PRODUCTS_DIR; };
		4323AC9D247060A3001AFAEF /* AddAccountIntegrationTests.swift */ = {isa = PBXFileReference; lastKnownFileType = sourcecode.swift; path = AddAccountIntegrationTests.swift; sourceTree = "<group>"; };
		4323AC9F247060A3001AFAEF /* Info.plist */ = {isa = PBXFileReference; lastKnownFileType = text.plist.xml; path = Info.plist; sourceTree = "<group>"; };
		4340F9D1246F39C10005CCBB /* DomainError.swift */ = {isa = PBXFileReference; lastKnownFileType = sourcecode.swift; path = DomainError.swift; sourceTree = "<group>"; };
		4340F9D3246F418E0005CCBB /* HttpError.swift */ = {isa = PBXFileReference; lastKnownFileType = sourcecode.swift; path = HttpError.swift; sourceTree = "<group>"; };
		43562921246F646300C28608 /* ExtensionHelpers.swift */ = {isa = PBXFileReference; lastKnownFileType = sourcecode.swift; path = ExtensionHelpers.swift; sourceTree = "<group>"; };
		43562924246F6E5E00C28608 /* TestExtensions.swift */ = {isa = PBXFileReference; lastKnownFileType = sourcecode.swift; path = TestExtensions.swift; sourceTree = "<group>"; };
		43562926246F6EDA00C28608 /* TestFactories.swift */ = {isa = PBXFileReference; lastKnownFileType = sourcecode.swift; path = TestFactories.swift; sourceTree = "<group>"; };
		43562929246F6F2100C28608 /* HttpClientSpy.swift */ = {isa = PBXFileReference; lastKnownFileType = sourcecode.swift; path = HttpClientSpy.swift; sourceTree = "<group>"; };
		4356292B246F6F8200C28608 /* AccountModelFactory.swift */ = {isa = PBXFileReference; lastKnownFileType = sourcecode.swift; path = AccountModelFactory.swift; sourceTree = "<group>"; };
		43562932246F73D700C28608 /* Infra.framework */ = {isa = PBXFileReference; explicitFileType = wrapper.framework; includeInIndex = 0; path = Infra.framework; sourceTree = BUILT_PRODUCTS_DIR; };
		43562935246F73D700C28608 /* Info.plist */ = {isa = PBXFileReference; lastKnownFileType = text.plist.xml; path = Info.plist; sourceTree = "<group>"; };
		4356293A246F73D800C28608 /* InfraTests.xctest */ = {isa = PBXFileReference; explicitFileType = wrapper.cfbundle; includeInIndex = 0; path = InfraTests.xctest; sourceTree = BUILT_PRODUCTS_DIR; };
		4356293F246F73D800C28608 /* AlamofireAdapterTests.swift */ = {isa = PBXFileReference; lastKnownFileType = sourcecode.swift; path = AlamofireAdapterTests.swift; sourceTree = "<group>"; };
		43562941246F73D800C28608 /* Info.plist */ = {isa = PBXFileReference; lastKnownFileType = text.plist.xml; path = Info.plist; sourceTree = "<group>"; };
		435A5EE22472338B008CD75D /* LoadingView.swift */ = {isa = PBXFileReference; lastKnownFileType = sourcecode.swift; path = LoadingView.swift; sourceTree = "<group>"; };
		43616A5624757541007C3635 /* LoginViewController.swift */ = {isa = PBXFileReference; lastKnownFileType = sourcecode.swift; path = LoginViewController.swift; sourceTree = "<group>"; };
		43616A592475CC62007C3635 /* TestExtensions.swift */ = {isa = PBXFileReference; lastKnownFileType = sourcecode.swift; path = TestExtensions.swift; sourceTree = "<group>"; };
		43616A5C2475DA51007C3635 /* UIViewControllerExtensions.swift */ = {isa = PBXFileReference; lastKnownFileType = sourcecode.swift; path = UIViewControllerExtensions.swift; sourceTree = "<group>"; };
		43616A612475E432007C3635 /* Storyboarded.swift */ = {isa = PBXFileReference; lastKnownFileType = sourcecode.swift; path = Storyboarded.swift; sourceTree = "<group>"; };
		43616A682475F1D4007C3635 /* Validation.framework */ = {isa = PBXFileReference; explicitFileType = wrapper.framework; includeInIndex = 0; path = Validation.framework; sourceTree = BUILT_PRODUCTS_DIR; };
		43616A6B2475F1D4007C3635 /* Info.plist */ = {isa = PBXFileReference; lastKnownFileType = text.plist.xml; path = Info.plist; sourceTree = "<group>"; };
		43616A702475F1D4007C3635 /* ValidationTests.xctest */ = {isa = PBXFileReference; explicitFileType = wrapper.cfbundle; includeInIndex = 0; path = ValidationTests.xctest; sourceTree = BUILT_PRODUCTS_DIR; };
		43616A752475F1D4007C3635 /* EmailValidatorAdapterTests.swift */ = {isa = PBXFileReference; lastKnownFileType = sourcecode.swift; path = EmailValidatorAdapterTests.swift; sourceTree = "<group>"; };
		43616A772475F1D4007C3635 /* Info.plist */ = {isa = PBXFileReference; lastKnownFileType = text.plist.xml; path = Info.plist; sourceTree = "<group>"; };
		43730B3B2473096F00E2EE40 /* SignUpViewModel.swift */ = {isa = PBXFileReference; lastKnownFileType = sourcecode.swift; path = SignUpViewModel.swift; sourceTree = "<group>"; };
		43730B3D247309C000E2EE40 /* SignUpMapper.swift */ = {isa = PBXFileReference; lastKnownFileType = sourcecode.swift; path = SignUpMapper.swift; sourceTree = "<group>"; };
		43730B4124730C8000E2EE40 /* AlertViewSpy.swift */ = {isa = PBXFileReference; lastKnownFileType = sourcecode.swift; path = AlertViewSpy.swift; sourceTree = "<group>"; };
		43730B4424730CCC00E2EE40 /* EmailValidatorSpy.swift */ = {isa = PBXFileReference; lastKnownFileType = sourcecode.swift; path = EmailValidatorSpy.swift; sourceTree = "<group>"; };
		43730B4724730D0700E2EE40 /* AddAccountSpy.swift */ = {isa = PBXFileReference; lastKnownFileType = sourcecode.swift; path = AddAccountSpy.swift; sourceTree = "<group>"; };
		43730B4924730D8800E2EE40 /* LoadingViewSpy.swift */ = {isa = PBXFileReference; lastKnownFileType = sourcecode.swift; path = LoadingViewSpy.swift; sourceTree = "<group>"; };
		43730B4D24730E6B00E2EE40 /* TestFactories.swift */ = {isa = PBXFileReference; lastKnownFileType = sourcecode.swift; path = TestFactories.swift; sourceTree = "<group>"; };
		439006312475F72C00B33874 /* EmailValidatorAdapter.swift */ = {isa = PBXFileReference; lastKnownFileType = sourcecode.swift; path = EmailValidatorAdapter.swift; sourceTree = "<group>"; };
		439E7CF524707A4A00B73B3D /* Presentation.framework */ = {isa = PBXFileReference; explicitFileType = wrapper.framework; includeInIndex = 0; path = Presentation.framework; sourceTree = BUILT_PRODUCTS_DIR; };
		439E7CF824707A4A00B73B3D /* Info.plist */ = {isa = PBXFileReference; lastKnownFileType = text.plist.xml; path = Info.plist; sourceTree = "<group>"; };
		439E7CFD24707A4A00B73B3D /* PresentationTests.xctest */ = {isa = PBXFileReference; explicitFileType = wrapper.cfbundle; includeInIndex = 0; path = PresentationTests.xctest; sourceTree = BUILT_PRODUCTS_DIR; };
		439E7D0224707A4A00B73B3D /* SignPresenterTests.swift */ = {isa = PBXFileReference; lastKnownFileType = sourcecode.swift; path = SignPresenterTests.swift; sourceTree = "<group>"; };
		439E7D0424707A4A00B73B3D /* Info.plist */ = {isa = PBXFileReference; lastKnownFileType = text.plist.xml; path = Info.plist; sourceTree = "<group>"; };
		43ACD4362470E0370002ACE3 /* EmailValidator.swift */ = {isa = PBXFileReference; lastKnownFileType = sourcecode.swift; path = EmailValidator.swift; sourceTree = "<group>"; };
		43D0110A246F1D8000D9B903 /* Domain.framework */ = {isa = PBXFileReference; explicitFileType = wrapper.framework; includeInIndex = 0; path = Domain.framework; sourceTree = BUILT_PRODUCTS_DIR; };
		43D0110D246F1D8000D9B903 /* Info.plist */ = {isa = PBXFileReference; lastKnownFileType = text.plist.xml; path = Info.plist; sourceTree = "<group>"; };
		43D01112246F1E2300D9B903 /* AddAccount.swift */ = {isa = PBXFileReference; lastKnownFileType = sourcecode.swift; path = AddAccount.swift; sourceTree = "<group>"; };
		43D01114246F202A00D9B903 /* AccountModel.swift */ = {isa = PBXFileReference; lastKnownFileType = sourcecode.swift; path = AccountModel.swift; sourceTree = "<group>"; };
		43D0111B246F206B00D9B903 /* Data.framework */ = {isa = PBXFileReference; explicitFileType = wrapper.framework; includeInIndex = 0; path = Data.framework; sourceTree = BUILT_PRODUCTS_DIR; };
		43D0111E246F206B00D9B903 /* Info.plist */ = {isa = PBXFileReference; lastKnownFileType = text.plist.xml; path = Info.plist; sourceTree = "<group>"; };
		43D01123246F206B00D9B903 /* DataTests.xctest */ = {isa = PBXFileReference; explicitFileType = wrapper.cfbundle; includeInIndex = 0; path = DataTests.xctest; sourceTree = BUILT_PRODUCTS_DIR; };
		43D01128246F206B00D9B903 /* RemoteAddAccountTests.swift */ = {isa = PBXFileReference; lastKnownFileType = sourcecode.swift; path = RemoteAddAccountTests.swift; sourceTree = "<group>"; };
		43D0112A246F206B00D9B903 /* Info.plist */ = {isa = PBXFileReference; lastKnownFileType = text.plist.xml; path = Info.plist; sourceTree = "<group>"; };
		43F29F19247090DC0046C402 /* SignPresenter.swift */ = {isa = PBXFileReference; lastKnownFileType = sourcecode.swift; path = SignPresenter.swift; sourceTree = "<group>"; };
		43F29F21247091C80046C402 /* AlertView.swift */ = {isa = PBXFileReference; lastKnownFileType = sourcecode.swift; path = AlertView.swift; sourceTree = "<group>"; };
/* End PBXFileReference section */

/* Begin PBXFrameworksBuildPhase section */
		4319DE9C24748EFB00108B8A /* Frameworks */ = {
			isa = PBXFrameworksBuildPhase;
			buildActionMask = 2147483647;
			files = (
				43616A5E2475DFC3007C3635 /* Presentation.framework in Frameworks */,
			);
			runOnlyForDeploymentPostprocessing = 0;
		};
		4319DEB424748F0100108B8A /* Frameworks */ = {
			isa = PBXFrameworksBuildPhase;
			buildActionMask = 2147483647;
			files = (
			);
			runOnlyForDeploymentPostprocessing = 0;
		};
		4319DEBF24748F0200108B8A /* Frameworks */ = {
			isa = PBXFrameworksBuildPhase;
			buildActionMask = 2147483647;
			files = (
			);
			runOnlyForDeploymentPostprocessing = 0;
		};
		4323AC98247060A3001AFAEF /* Frameworks */ = {
			isa = PBXFrameworksBuildPhase;
			buildActionMask = 2147483647;
			files = (
				4323ACA0247060A3001AFAEF /* Data.framework in Frameworks */,
			);
			runOnlyForDeploymentPostprocessing = 0;
		};
		4356292F246F73D700C28608 /* Frameworks */ = {
			isa = PBXFrameworksBuildPhase;
			buildActionMask = 2147483647;
			files = (
				43562949246F74AB00C28608 /* Data.framework in Frameworks */,
				43562952246F758C00C28608 /* Alamofire in Frameworks */,
			);
			runOnlyForDeploymentPostprocessing = 0;
		};
		43562937246F73D800C28608 /* Frameworks */ = {
			isa = PBXFrameworksBuildPhase;
			buildActionMask = 2147483647;
			files = (
				4356293B246F73D800C28608 /* Infra.framework in Frameworks */,
			);
			runOnlyForDeploymentPostprocessing = 0;
		};
		43616A652475F1D4007C3635 /* Frameworks */ = {
			isa = PBXFrameworksBuildPhase;
			buildActionMask = 2147483647;
			files = (
				43616A7F2475F2CC007C3635 /* Presentation.framework in Frameworks */,
			);
			runOnlyForDeploymentPostprocessing = 0;
		};
		43616A6D2475F1D4007C3635 /* Frameworks */ = {
			isa = PBXFrameworksBuildPhase;
			buildActionMask = 2147483647;
			files = (
				43616A712475F1D4007C3635 /* Validation.framework in Frameworks */,
			);
			runOnlyForDeploymentPostprocessing = 0;
		};
		439E7CF224707A4A00B73B3D /* Frameworks */ = {
			isa = PBXFrameworksBuildPhase;
			buildActionMask = 2147483647;
			files = (
				43F29F1B2470914A0046C402 /* Domain.framework in Frameworks */,
			);
			runOnlyForDeploymentPostprocessing = 0;
		};
		439E7CFA24707A4A00B73B3D /* Frameworks */ = {
			isa = PBXFrameworksBuildPhase;
			buildActionMask = 2147483647;
			files = (
				439E7CFE24707A4A00B73B3D /* Presentation.framework in Frameworks */,
			);
			runOnlyForDeploymentPostprocessing = 0;
		};
		43D01107246F1D8000D9B903 /* Frameworks */ = {
			isa = PBXFrameworksBuildPhase;
			buildActionMask = 2147483647;
			files = (
			);
			runOnlyForDeploymentPostprocessing = 0;
		};
		43D01118246F206B00D9B903 /* Frameworks */ = {
			isa = PBXFrameworksBuildPhase;
			buildActionMask = 2147483647;
			files = (
				43D01133246F209200D9B903 /* Domain.framework in Frameworks */,
			);
			runOnlyForDeploymentPostprocessing = 0;
		};
		43D01120246F206B00D9B903 /* Frameworks */ = {
			isa = PBXFrameworksBuildPhase;
			buildActionMask = 2147483647;
			files = (
				43D01124246F206B00D9B903 /* Data.framework in Frameworks */,
			);
			runOnlyForDeploymentPostprocessing = 0;
		};
/* End PBXFrameworksBuildPhase section */

/* Begin PBXGroup section */
		4303A9B1246F36A600BFE6AA /* UseCases */ = {
			isa = PBXGroup;
			children = (
				43D01112246F1E2300D9B903 /* AddAccount.swift */,
			);
			path = UseCases;
			sourceTree = "<group>";
		};
		4303A9B2246F36C800BFE6AA /* Models */ = {
			isa = PBXGroup;
			children = (
				43D01114246F202A00D9B903 /* AccountModel.swift */,
				4303A9AB246F353F00BFE6AA /* Model.swift */,
			);
			path = Models;
			sourceTree = "<group>";
		};
		4303A9B3246F36D600BFE6AA /* UseCases */ = {
			isa = PBXGroup;
			children = (
				4303A9AD246F35DE00BFE6AA /* RemoteAddAccount.swift */,
			);
			path = UseCases;
			sourceTree = "<group>";
		};
		4303A9B4246F36E400BFE6AA /* Http */ = {
			isa = PBXGroup;
			children = (
				4303A9AF246F364A00BFE6AA /* HttpPostClient.swift */,
				4340F9D3246F418E0005CCBB /* HttpError.swift */,
			);
			path = Http;
			sourceTree = "<group>";
		};
		4303A9B5246F36EF00BFE6AA /* UseCases */ = {
			isa = PBXGroup;
			children = (
				43D01128246F206B00D9B903 /* RemoteAddAccountTests.swift */,
			);
			path = UseCases;
			sourceTree = "<group>";
		};
		4319DEA024748EFB00108B8A /* App */ = {
			isa = PBXGroup;
			children = (
				43616A5B2475DA33007C3635 /* Helpers */,
				4319DED5247499DC00108B8A /* Fontes */,
				4319DED22474990A00108B8A /* Controllers */,
				4319DEA124748EFB00108B8A /* AppDelegate.swift */,
				4319DEA324748EFB00108B8A /* SceneDelegate.swift */,
				4319DEA724748EFB00108B8A /* Main.storyboard */,
				4319DEAD24748F0100108B8A /* Assets.xcassets */,
				4319DEAF24748F0100108B8A /* LaunchScreen.storyboard */,
				4319DEB224748F0100108B8A /* Info.plist */,
				4319DEAA24748EFB00108B8A /* App.xcdatamodeld */,
			);
			path = App;
			sourceTree = "<group>";
		};
		4319DEBA24748F0100108B8A /* AppTests */ = {
			isa = PBXGroup;
			children = (
				43616A582475CC38007C3635 /* Helpers */,
				4319DEBB24748F0200108B8A /* SignUpViewControllerTests.swift */,
				4319DEBD24748F0200108B8A /* Info.plist */,
			);
			path = AppTests;
			sourceTree = "<group>";
		};
		4319DEC524748F0200108B8A /* AppUITests */ = {
			isa = PBXGroup;
			children = (
				4319DEC624748F0200108B8A /* AppUITests.swift */,
				4319DEC824748F0200108B8A /* Info.plist */,
			);
			path = AppUITests;
			sourceTree = "<group>";
		};
		4319DED22474990A00108B8A /* Controllers */ = {
			isa = PBXGroup;
			children = (
				4319DED32474992900108B8A /* SignUpViewController.swift */,
				43616A5624757541007C3635 /* LoginViewController.swift */,
			);
			path = Controllers;
			sourceTree = "<group>";
		};
		4319DED5247499DC00108B8A /* Fontes */ = {
			isa = PBXGroup;
			children = (
				4319DED724749A2800108B8A /* Artbrush.ttf */,
				4319DED624749A2800108B8A /* MyriadProCond.ttf */,
			);
			path = Fontes;
			sourceTree = "<group>";
		};
		4323AC9324705683001AFAEF /* Http */ = {
			isa = PBXGroup;
			children = (
				4323AC91247055C2001AFAEF /* AlamofireAdapter.swift */,
			);
			path = Http;
			sourceTree = "<group>";
		};
		4323AC9424705701001AFAEF /* Http */ = {
			isa = PBXGroup;
			children = (
				4356293F246F73D800C28608 /* AlamofireAdapterTests.swift */,
				4323AC9524705715001AFAEF /* UrlProtocolStub.swift */,
			);
			path = Http;
			sourceTree = "<group>";
		};
		4323AC9C247060A3001AFAEF /* UseCasesIntegrationTests */ = {
			isa = PBXGroup;
			children = (
				4323AC9D247060A3001AFAEF /* AddAccountIntegrationTests.swift */,
				4323AC9F247060A3001AFAEF /* Info.plist */,
			);
			path = UseCasesIntegrationTests;
			sourceTree = "<group>";
		};
		4328C884246F1164007C6B69 = {
			isa = PBXGroup;
			children = (
				4319DEA024748EFB00108B8A /* App */,
				4319DEBA24748F0100108B8A /* AppTests */,
				4319DEC524748F0200108B8A /* AppUITests */,
				43D0110B246F1D8000D9B903 /* Domain */,
				43D0111C246F206B00D9B903 /* Data */,
				43D01127246F206B00D9B903 /* DataTests */,
				43562933246F73D700C28608 /* Infra */,
				4356293E246F73D800C28608 /* InfraTests */,
				4323AC9C247060A3001AFAEF /* UseCasesIntegrationTests */,
				439E7CF624707A4A00B73B3D /* Presentation */,
				439E7D0124707A4A00B73B3D /* PresentationTests */,
				43616A692475F1D4007C3635 /* Validation */,
				43616A742475F1D4007C3635 /* ValidationTests */,
				4328C88E246F1164007C6B69 /* Products */,
				43D01132246F209200D9B903 /* Frameworks */,
			);
			sourceTree = "<group>";
		};
		4328C88E246F1164007C6B69 /* Products */ = {
			isa = PBXGroup;
			children = (
				43D0110A246F1D8000D9B903 /* Domain.framework */,
				43D0111B246F206B00D9B903 /* Data.framework */,
				43D01123246F206B00D9B903 /* DataTests.xctest */,
				43562932246F73D700C28608 /* Infra.framework */,
				4356293A246F73D800C28608 /* InfraTests.xctest */,
				4323AC9B247060A3001AFAEF /* UseCasesIntegrationTests.xctest */,
				439E7CF524707A4A00B73B3D /* Presentation.framework */,
				439E7CFD24707A4A00B73B3D /* PresentationTests.xctest */,
				4319DE9F24748EFB00108B8A /* App.app */,
				4319DEB724748F0100108B8A /* AppTests.xctest */,
				4319DEC224748F0200108B8A /* AppUITests.xctest */,
				43616A682475F1D4007C3635 /* Validation.framework */,
				43616A702475F1D4007C3635 /* ValidationTests.xctest */,
			);
			name = Products;
			sourceTree = "<group>";
		};
		4340F9D0246F39B00005CCBB /* Errors */ = {
			isa = PBXGroup;
			children = (
				4340F9D1246F39C10005CCBB /* DomainError.swift */,
			);
			path = Errors;
			sourceTree = "<group>";
		};
		43562920246F644B00C28608 /* Helpers */ = {
			isa = PBXGroup;
			children = (
				43562921246F646300C28608 /* ExtensionHelpers.swift */,
			);
			path = Helpers;
			sourceTree = "<group>";
		};
		43562923246F6E3700C28608 /* Helpers */ = {
			isa = PBXGroup;
			children = (
				43562924246F6E5E00C28608 /* TestExtensions.swift */,
				43562926246F6EDA00C28608 /* TestFactories.swift */,
				4356292B246F6F8200C28608 /* AccountModelFactory.swift */,
			);
			path = Helpers;
			sourceTree = "<group>";
		};
		43562928246F6F0B00C28608 /* Http */ = {
			isa = PBXGroup;
			children = (
				43562929246F6F2100C28608 /* HttpClientSpy.swift */,
			);
			path = Http;
			sourceTree = "<group>";
		};
		43562933246F73D700C28608 /* Infra */ = {
			isa = PBXGroup;
			children = (
				4323AC9324705683001AFAEF /* Http */,
				43562935246F73D700C28608 /* Info.plist */,
			);
			path = Infra;
			sourceTree = "<group>";
		};
		4356293E246F73D800C28608 /* InfraTests */ = {
			isa = PBXGroup;
			children = (
				4323AC9424705701001AFAEF /* Http */,
				43562941246F73D800C28608 /* Info.plist */,
			);
			path = InfraTests;
			sourceTree = "<group>";
		};
		43616A582475CC38007C3635 /* Helpers */ = {
			isa = PBXGroup;
			children = (
				43616A592475CC62007C3635 /* TestExtensions.swift */,
			);
			path = Helpers;
			sourceTree = "<group>";
		};
		43616A5B2475DA33007C3635 /* Helpers */ = {
			isa = PBXGroup;
			children = (
				43616A5C2475DA51007C3635 /* UIViewControllerExtensions.swift */,
				43616A612475E432007C3635 /* Storyboarded.swift */,
			);
			path = Helpers;
			sourceTree = "<group>";
		};
		43616A692475F1D4007C3635 /* Validation */ = {
			isa = PBXGroup;
			children = (
				43616A6B2475F1D4007C3635 /* Info.plist */,
				439006312475F72C00B33874 /* EmailValidatorAdapter.swift */,
			);
			path = Validation;
			sourceTree = "<group>";
		};
		43616A742475F1D4007C3635 /* ValidationTests */ = {
			isa = PBXGroup;
			children = (
				43616A752475F1D4007C3635 /* EmailValidatorAdapterTests.swift */,
				43616A772475F1D4007C3635 /* Info.plist */,
			);
			path = ValidationTests;
			sourceTree = "<group>";
		};
		43730B3A2473094A00E2EE40 /* SignUp */ = {
			isa = PBXGroup;
			children = (
				43F29F19247090DC0046C402 /* SignPresenter.swift */,
				43730B3B2473096F00E2EE40 /* SignUpViewModel.swift */,
				43730B3D247309C000E2EE40 /* SignUpMapper.swift */,
			);
			path = SignUp;
			sourceTree = "<group>";
		};
		43730B3F24730BCC00E2EE40 /* SignUp */ = {
			isa = PBXGroup;
			children = (
				439E7D0224707A4A00B73B3D /* SignPresenterTests.swift */,
			);
			path = SignUp;
			sourceTree = "<group>";
		};
		43730B4024730C7100E2EE40 /* Views */ = {
			isa = PBXGroup;
			children = (
				43730B4924730D8800E2EE40 /* LoadingViewSpy.swift */,
				43730B4124730C8000E2EE40 /* AlertViewSpy.swift */,
			);
			path = Views;
			sourceTree = "<group>";
		};
		43730B4324730CB400E2EE40 /* Validators */ = {
			isa = PBXGroup;
			children = (
				43730B4424730CCC00E2EE40 /* EmailValidatorSpy.swift */,
			);
			path = Validators;
			sourceTree = "<group>";
		};
		43730B4624730CFB00E2EE40 /* UseCases */ = {
			isa = PBXGroup;
			children = (
				43730B4724730D0700E2EE40 /* AddAccountSpy.swift */,
			);
			path = UseCases;
			sourceTree = "<group>";
		};
		43730B4C24730E5600E2EE40 /* Helpers */ = {
			isa = PBXGroup;
			children = (
				43730B4D24730E6B00E2EE40 /* TestFactories.swift */,
			);
			path = Helpers;
			sourceTree = "<group>";
		};
		439E7CF624707A4A00B73B3D /* Presentation */ = {
			isa = PBXGroup;
			children = (
				43ACD4352470E0210002ACE3 /* Validators */,
				43F29F20247091BB0046C402 /* Views */,
				43F29F23247091DE0046C402 /* Presenters */,
				439E7CF824707A4A00B73B3D /* Info.plist */,
			);
			path = Presentation;
			sourceTree = "<group>";
		};
		439E7D0124707A4A00B73B3D /* PresentationTests */ = {
			isa = PBXGroup;
			children = (
				43730B4C24730E5600E2EE40 /* Helpers */,
				43730B4624730CFB00E2EE40 /* UseCases */,
				43730B4324730CB400E2EE40 /* Validators */,
				43730B4024730C7100E2EE40 /* Views */,
				43F29F24247093300046C402 /* Presenters */,
				439E7D0424707A4A00B73B3D /* Info.plist */,
			);
			path = PresentationTests;
			sourceTree = "<group>";
		};
		43ACD4352470E0210002ACE3 /* Validators */ = {
			isa = PBXGroup;
			children = (
				43ACD4362470E0370002ACE3 /* EmailValidator.swift */,
			);
			path = Validators;
			sourceTree = "<group>";
		};
		43D0110B246F1D8000D9B903 /* Domain */ = {
			isa = PBXGroup;
			children = (
				4340F9D0246F39B00005CCBB /* Errors */,
				4303A9B1246F36A600BFE6AA /* UseCases */,
				4303A9B2246F36C800BFE6AA /* Models */,
				43D0110D246F1D8000D9B903 /* Info.plist */,
			);
			path = Domain;
			sourceTree = "<group>";
		};
		43D0111C246F206B00D9B903 /* Data */ = {
			isa = PBXGroup;
			children = (
				43562920246F644B00C28608 /* Helpers */,
				4303A9B3246F36D600BFE6AA /* UseCases */,
				4303A9B4246F36E400BFE6AA /* Http */,
				43D0111E246F206B00D9B903 /* Info.plist */,
			);
			path = Data;
			sourceTree = "<group>";
		};
		43D01127246F206B00D9B903 /* DataTests */ = {
			isa = PBXGroup;
			children = (
				43562928246F6F0B00C28608 /* Http */,
				43562923246F6E3700C28608 /* Helpers */,
				4303A9B5246F36EF00BFE6AA /* UseCases */,
				43D0112A246F206B00D9B903 /* Info.plist */,
			);
			path = DataTests;
			sourceTree = "<group>";
		};
		43D01132246F209200D9B903 /* Frameworks */ = {
			isa = PBXGroup;
			children = (
			);
			name = Frameworks;
			sourceTree = "<group>";
		};
		43F29F20247091BB0046C402 /* Views */ = {
			isa = PBXGroup;
			children = (
				435A5EE22472338B008CD75D /* LoadingView.swift */,
				43F29F21247091C80046C402 /* AlertView.swift */,
			);
			path = Views;
			sourceTree = "<group>";
		};
		43F29F23247091DE0046C402 /* Presenters */ = {
			isa = PBXGroup;
			children = (
				43730B3A2473094A00E2EE40 /* SignUp */,
			);
			path = Presenters;
			sourceTree = "<group>";
		};
		43F29F24247093300046C402 /* Presenters */ = {
			isa = PBXGroup;
			children = (
				43730B3F24730BCC00E2EE40 /* SignUp */,
			);
			path = Presenters;
			sourceTree = "<group>";
		};
/* End PBXGroup section */

/* Begin PBXHeadersBuildPhase section */
		4356292D246F73D700C28608 /* Headers */ = {
			isa = PBXHeadersBuildPhase;
			buildActionMask = 2147483647;
			files = (
			);
			runOnlyForDeploymentPostprocessing = 0;
		};
		43616A632475F1D4007C3635 /* Headers */ = {
			isa = PBXHeadersBuildPhase;
			buildActionMask = 2147483647;
			files = (
			);
			runOnlyForDeploymentPostprocessing = 0;
		};
		439E7CF024707A4A00B73B3D /* Headers */ = {
			isa = PBXHeadersBuildPhase;
			buildActionMask = 2147483647;
			files = (
			);
			runOnlyForDeploymentPostprocessing = 0;
		};
		43D01105246F1D8000D9B903 /* Headers */ = {
			isa = PBXHeadersBuildPhase;
			buildActionMask = 2147483647;
			files = (
			);
			runOnlyForDeploymentPostprocessing = 0;
		};
		43D01116246F206B00D9B903 /* Headers */ = {
			isa = PBXHeadersBuildPhase;
			buildActionMask = 2147483647;
			files = (
			);
			runOnlyForDeploymentPostprocessing = 0;
		};
/* End PBXHeadersBuildPhase section */

/* Begin PBXNativeTarget section */
		4319DE9E24748EFB00108B8A /* App */ = {
			isa = PBXNativeTarget;
			buildConfigurationList = 4319DEC924748F0200108B8A /* Build configuration list for PBXNativeTarget "App" */;
			buildPhases = (
				4319DE9B24748EFB00108B8A /* Sources */,
				4319DE9C24748EFB00108B8A /* Frameworks */,
				4319DE9D24748EFB00108B8A /* Resources */,
				43616A602475DFC3007C3635 /* Embed Frameworks */,
			);
			buildRules = (
			);
			dependencies = (
				43ADB5E32474B0F7001C18EB /* PBXTargetDependency */,
			);
			name = App;
			productName = App;
			productReference = 4319DE9F24748EFB00108B8A /* App.app */;
			productType = "com.apple.product-type.application";
		};
		4319DEB624748F0100108B8A /* AppTests */ = {
			isa = PBXNativeTarget;
			buildConfigurationList = 4319DECC24748F0200108B8A /* Build configuration list for PBXNativeTarget "AppTests" */;
			buildPhases = (
				4319DEB324748F0100108B8A /* Sources */,
				4319DEB424748F0100108B8A /* Frameworks */,
				4319DEB524748F0100108B8A /* Resources */,
			);
			buildRules = (
			);
			dependencies = (
				4319DEB924748F0100108B8A /* PBXTargetDependency */,
			);
			name = AppTests;
			productName = AppTests;
			productReference = 4319DEB724748F0100108B8A /* AppTests.xctest */;
			productType = "com.apple.product-type.bundle.unit-test";
		};
		4319DEC124748F0200108B8A /* AppUITests */ = {
			isa = PBXNativeTarget;
			buildConfigurationList = 4319DECF24748F0200108B8A /* Build configuration list for PBXNativeTarget "AppUITests" */;
			buildPhases = (
				4319DEBE24748F0200108B8A /* Sources */,
				4319DEBF24748F0200108B8A /* Frameworks */,
				4319DEC024748F0200108B8A /* Resources */,
			);
			buildRules = (
			);
			dependencies = (
				4319DEC424748F0200108B8A /* PBXTargetDependency */,
			);
			name = AppUITests;
			productName = AppUITests;
			productReference = 4319DEC224748F0200108B8A /* AppUITests.xctest */;
			productType = "com.apple.product-type.bundle.ui-testing";
		};
		4323AC9A247060A3001AFAEF /* UseCasesIntegrationTests */ = {
			isa = PBXNativeTarget;
			buildConfigurationList = 4323ACA3247060A3001AFAEF /* Build configuration list for PBXNativeTarget "UseCasesIntegrationTests" */;
			buildPhases = (
				4323AC97247060A3001AFAEF /* Sources */,
				4323AC98247060A3001AFAEF /* Frameworks */,
				4323AC99247060A3001AFAEF /* Resources */,
			);
			buildRules = (
			);
			dependencies = (
				4323ACA7247060B7001AFAEF /* PBXTargetDependency */,
				4323ACA9247060B7001AFAEF /* PBXTargetDependency */,
				4323ACA2247060A3001AFAEF /* PBXTargetDependency */,
			);
			name = UseCasesIntegrationTests;
			productName = UseCasesIntegrationTests;
			productReference = 4323AC9B247060A3001AFAEF /* UseCasesIntegrationTests.xctest */;
			productType = "com.apple.product-type.bundle.unit-test";
		};
		43562931246F73D700C28608 /* Infra */ = {
			isa = PBXNativeTarget;
			buildConfigurationList = 43562943246F73D800C28608 /* Build configuration list for PBXNativeTarget "Infra" */;
			buildPhases = (
				4356292D246F73D700C28608 /* Headers */,
				4356292E246F73D700C28608 /* Sources */,
				4356292F246F73D700C28608 /* Frameworks */,
				43562930246F73D700C28608 /* Resources */,
				4356294D246F74AB00C28608 /* Embed Frameworks */,
			);
			buildRules = (
			);
			dependencies = (
				4356294C246F74AB00C28608 /* PBXTargetDependency */,
			);
			name = Infra;
			packageProductDependencies = (
				43562951246F758C00C28608 /* Alamofire */,
			);
			productName = Infra;
			productReference = 43562932246F73D700C28608 /* Infra.framework */;
			productType = "com.apple.product-type.framework";
		};
		43562939246F73D800C28608 /* InfraTests */ = {
			isa = PBXNativeTarget;
			buildConfigurationList = 43562946246F73D800C28608 /* Build configuration list for PBXNativeTarget "InfraTests" */;
			buildPhases = (
				43562936246F73D800C28608 /* Sources */,
				43562937246F73D800C28608 /* Frameworks */,
				43562938246F73D800C28608 /* Resources */,
			);
			buildRules = (
			);
			dependencies = (
				4356293D246F73D800C28608 /* PBXTargetDependency */,
			);
			name = InfraTests;
			productName = InfraTests;
			productReference = 4356293A246F73D800C28608 /* InfraTests.xctest */;
			productType = "com.apple.product-type.bundle.unit-test";
		};
		43616A672475F1D4007C3635 /* Validation */ = {
			isa = PBXNativeTarget;
			buildConfigurationList = 43616A792475F1D4007C3635 /* Build configuration list for PBXNativeTarget "Validation" */;
			buildPhases = (
				43616A632475F1D4007C3635 /* Headers */,
				43616A642475F1D4007C3635 /* Sources */,
				43616A652475F1D4007C3635 /* Frameworks */,
				43616A662475F1D4007C3635 /* Resources */,
				43616A832475F2CC007C3635 /* Embed Frameworks */,
			);
			buildRules = (
			);
			dependencies = (
				43616A822475F2CC007C3635 /* PBXTargetDependency */,
			);
			name = Validation;
			productName = Validation;
			productReference = 43616A682475F1D4007C3635 /* Validation.framework */;
			productType = "com.apple.product-type.framework";
		};
		43616A6F2475F1D4007C3635 /* ValidationTests */ = {
			isa = PBXNativeTarget;
			buildConfigurationList = 43616A7C2475F1D4007C3635 /* Build configuration list for PBXNativeTarget "ValidationTests" */;
			buildPhases = (
				43616A6C2475F1D4007C3635 /* Sources */,
				43616A6D2475F1D4007C3635 /* Frameworks */,
				43616A6E2475F1D4007C3635 /* Resources */,
			);
			buildRules = (
			);
			dependencies = (
				43616A732475F1D4007C3635 /* PBXTargetDependency */,
			);
			name = ValidationTests;
			productName = ValidationTests;
			productReference = 43616A702475F1D4007C3635 /* ValidationTests.xctest */;
			productType = "com.apple.product-type.bundle.unit-test";
		};
		439E7CF424707A4A00B73B3D /* Presentation */ = {
			isa = PBXNativeTarget;
			buildConfigurationList = 439E7D0A24707A4A00B73B3D /* Build configuration list for PBXNativeTarget "Presentation" */;
			buildPhases = (
				439E7CF024707A4A00B73B3D /* Headers */,
				439E7CF124707A4A00B73B3D /* Sources */,
				439E7CF224707A4A00B73B3D /* Frameworks */,
				439E7CF324707A4A00B73B3D /* Resources */,
				43F29F1F2470914A0046C402 /* Embed Frameworks */,
			);
			buildRules = (
			);
			dependencies = (
				43F29F1E2470914A0046C402 /* PBXTargetDependency */,
			);
			name = Presentation;
			productName = Presentation;
			productReference = 439E7CF524707A4A00B73B3D /* Presentation.framework */;
			productType = "com.apple.product-type.framework";
		};
		439E7CFC24707A4A00B73B3D /* PresentationTests */ = {
			isa = PBXNativeTarget;
			buildConfigurationList = 439E7D0B24707A4A00B73B3D /* Build configuration list for PBXNativeTarget "PresentationTests" */;
			buildPhases = (
				439E7CF924707A4A00B73B3D /* Sources */,
				439E7CFA24707A4A00B73B3D /* Frameworks */,
				439E7CFB24707A4A00B73B3D /* Resources */,
			);
			buildRules = (
			);
			dependencies = (
				439E7D0024707A4A00B73B3D /* PBXTargetDependency */,
			);
			name = PresentationTests;
			productName = PresentationTests;
			productReference = 439E7CFD24707A4A00B73B3D /* PresentationTests.xctest */;
			productType = "com.apple.product-type.bundle.unit-test";
		};
		43D01109246F1D8000D9B903 /* Domain */ = {
			isa = PBXNativeTarget;
			buildConfigurationList = 43D01111246F1D8000D9B903 /* Build configuration list for PBXNativeTarget "Domain" */;
			buildPhases = (
				43D01105246F1D8000D9B903 /* Headers */,
				43D01106246F1D8000D9B903 /* Sources */,
				43D01107246F1D8000D9B903 /* Frameworks */,
				43D01108246F1D8000D9B903 /* Resources */,
			);
			buildRules = (
			);
			dependencies = (
			);
			name = Domain;
			productName = Domain;
			productReference = 43D0110A246F1D8000D9B903 /* Domain.framework */;
			productType = "com.apple.product-type.framework";
		};
		43D0111A246F206B00D9B903 /* Data */ = {
			isa = PBXNativeTarget;
			buildConfigurationList = 43D0112C246F206B00D9B903 /* Build configuration list for PBXNativeTarget "Data" */;
			buildPhases = (
				43D01116246F206B00D9B903 /* Headers */,
				43D01117246F206B00D9B903 /* Sources */,
				43D01118246F206B00D9B903 /* Frameworks */,
				43D01119246F206B00D9B903 /* Resources */,
				43D01137246F209200D9B903 /* Embed Frameworks */,
			);
			buildRules = (
			);
			dependencies = (
				43D01136246F209200D9B903 /* PBXTargetDependency */,
			);
			name = Data;
			productName = Data;
			productReference = 43D0111B246F206B00D9B903 /* Data.framework */;
			productType = "com.apple.product-type.framework";
		};
		43D01122246F206B00D9B903 /* DataTests */ = {
			isa = PBXNativeTarget;
			buildConfigurationList = 43D0112F246F206B00D9B903 /* Build configuration list for PBXNativeTarget "DataTests" */;
			buildPhases = (
				43D0111F246F206B00D9B903 /* Sources */,
				43D01120246F206B00D9B903 /* Frameworks */,
				43D01121246F206B00D9B903 /* Resources */,
			);
			buildRules = (
			);
			dependencies = (
				43D01126246F206B00D9B903 /* PBXTargetDependency */,
			);
			name = DataTests;
			productName = DataTests;
			productReference = 43D01123246F206B00D9B903 /* DataTests.xctest */;
			productType = "com.apple.product-type.bundle.unit-test";
		};
/* End PBXNativeTarget section */

/* Begin PBXProject section */
		4328C885246F1164007C6B69 /* Project object */ = {
			isa = PBXProject;
			attributes = {
				LastSwiftUpdateCheck = 1140;
				LastUpgradeCheck = 1140;
				ORGANIZATIONNAME = "Julio Figueiredo";
				TargetAttributes = {
					4319DE9E24748EFB00108B8A = {
						CreatedOnToolsVersion = 11.4.1;
					};
					4319DEB624748F0100108B8A = {
						CreatedOnToolsVersion = 11.4.1;
						TestTargetID = 4319DE9E24748EFB00108B8A;
					};
					4319DEC124748F0200108B8A = {
						CreatedOnToolsVersion = 11.4.1;
						TestTargetID = 4319DE9E24748EFB00108B8A;
					};
					4323AC9A247060A3001AFAEF = {
						CreatedOnToolsVersion = 11.4.1;
					};
					43562931246F73D700C28608 = {
						CreatedOnToolsVersion = 11.4.1;
						LastSwiftMigration = 1140;
					};
					43562939246F73D800C28608 = {
						CreatedOnToolsVersion = 11.4.1;
					};
					43616A672475F1D4007C3635 = {
						CreatedOnToolsVersion = 11.4.1;
						LastSwiftMigration = 1140;
					};
					43616A6F2475F1D4007C3635 = {
						CreatedOnToolsVersion = 11.4.1;
					};
					439E7CF424707A4A00B73B3D = {
						CreatedOnToolsVersion = 11.4.1;
						LastSwiftMigration = 1140;
					};
					439E7CFC24707A4A00B73B3D = {
						CreatedOnToolsVersion = 11.4.1;
					};
					43D01109246F1D8000D9B903 = {
						CreatedOnToolsVersion = 11.4.1;
						LastSwiftMigration = 1140;
					};
					43D0111A246F206B00D9B903 = {
						CreatedOnToolsVersion = 11.4.1;
						LastSwiftMigration = 1140;
					};
					43D01122246F206B00D9B903 = {
						CreatedOnToolsVersion = 11.4.1;
					};
				};
			};
			buildConfigurationList = 4328C888246F1164007C6B69 /* Build configuration list for PBXProject "VestibularApp" */;
			compatibilityVersion = "Xcode 9.3";
			developmentRegion = en;
			hasScannedForEncodings = 0;
			knownRegions = (
				en,
				Base,
			);
			mainGroup = 4328C884246F1164007C6B69;
			packageReferences = (
				43562950246F758C00C28608 /* XCRemoteSwiftPackageReference "Alamofire" */,
			);
			productRefGroup = 4328C88E246F1164007C6B69 /* Products */;
			projectDirPath = "";
			projectRoot = "";
			targets = (
				4319DE9E24748EFB00108B8A /* App */,
				4319DEB624748F0100108B8A /* AppTests */,
				4319DEC124748F0200108B8A /* AppUITests */,
				43D01109246F1D8000D9B903 /* Domain */,
				43D0111A246F206B00D9B903 /* Data */,
				43D01122246F206B00D9B903 /* DataTests */,
				43562931246F73D700C28608 /* Infra */,
				43562939246F73D800C28608 /* InfraTests */,
				4323AC9A247060A3001AFAEF /* UseCasesIntegrationTests */,
				439E7CF424707A4A00B73B3D /* Presentation */,
				439E7CFC24707A4A00B73B3D /* PresentationTests */,
				43616A672475F1D4007C3635 /* Validation */,
				43616A6F2475F1D4007C3635 /* ValidationTests */,
			);
		};
/* End PBXProject section */

/* Begin PBXResourcesBuildPhase section */
		4319DE9D24748EFB00108B8A /* Resources */ = {
			isa = PBXResourcesBuildPhase;
			buildActionMask = 2147483647;
			files = (
				4319DED824749A2800108B8A /* MyriadProCond.ttf in Resources */,
				4319DEB124748F0100108B8A /* LaunchScreen.storyboard in Resources */,
				4319DEAE24748F0100108B8A /* Assets.xcassets in Resources */,
				4319DED924749A2800108B8A /* Artbrush.ttf in Resources */,
				4319DEA924748EFB00108B8A /* Main.storyboard in Resources */,
			);
			runOnlyForDeploymentPostprocessing = 0;
		};
		4319DEB524748F0100108B8A /* Resources */ = {
			isa = PBXResourcesBuildPhase;
			buildActionMask = 2147483647;
			files = (
			);
			runOnlyForDeploymentPostprocessing = 0;
		};
		4319DEC024748F0200108B8A /* Resources */ = {
			isa = PBXResourcesBuildPhase;
			buildActionMask = 2147483647;
			files = (
			);
			runOnlyForDeploymentPostprocessing = 0;
		};
		4323AC99247060A3001AFAEF /* Resources */ = {
			isa = PBXResourcesBuildPhase;
			buildActionMask = 2147483647;
			files = (
			);
			runOnlyForDeploymentPostprocessing = 0;
		};
		43562930246F73D700C28608 /* Resources */ = {
			isa = PBXResourcesBuildPhase;
			buildActionMask = 2147483647;
			files = (
			);
			runOnlyForDeploymentPostprocessing = 0;
		};
		43562938246F73D800C28608 /* Resources */ = {
			isa = PBXResourcesBuildPhase;
			buildActionMask = 2147483647;
			files = (
			);
			runOnlyForDeploymentPostprocessing = 0;
		};
		43616A662475F1D4007C3635 /* Resources */ = {
			isa = PBXResourcesBuildPhase;
			buildActionMask = 2147483647;
			files = (
			);
			runOnlyForDeploymentPostprocessing = 0;
		};
		43616A6E2475F1D4007C3635 /* Resources */ = {
			isa = PBXResourcesBuildPhase;
			buildActionMask = 2147483647;
			files = (
			);
			runOnlyForDeploymentPostprocessing = 0;
		};
		439E7CF324707A4A00B73B3D /* Resources */ = {
			isa = PBXResourcesBuildPhase;
			buildActionMask = 2147483647;
			files = (
			);
			runOnlyForDeploymentPostprocessing = 0;
		};
		439E7CFB24707A4A00B73B3D /* Resources */ = {
			isa = PBXResourcesBuildPhase;
			buildActionMask = 2147483647;
			files = (
			);
			runOnlyForDeploymentPostprocessing = 0;
		};
		43D01108246F1D8000D9B903 /* Resources */ = {
			isa = PBXResourcesBuildPhase;
			buildActionMask = 2147483647;
			files = (
			);
			runOnlyForDeploymentPostprocessing = 0;
		};
		43D01119246F206B00D9B903 /* Resources */ = {
			isa = PBXResourcesBuildPhase;
			buildActionMask = 2147483647;
			files = (
			);
			runOnlyForDeploymentPostprocessing = 0;
		};
		43D01121246F206B00D9B903 /* Resources */ = {
			isa = PBXResourcesBuildPhase;
			buildActionMask = 2147483647;
			files = (
			);
			runOnlyForDeploymentPostprocessing = 0;
		};
/* End PBXResourcesBuildPhase section */

/* Begin PBXSourcesBuildPhase section */
		4319DE9B24748EFB00108B8A /* Sources */ = {
			isa = PBXSourcesBuildPhase;
			buildActionMask = 2147483647;
			files = (
				4319DEAC24748EFB00108B8A /* App.xcdatamodeld in Sources */,
				4319DEA224748EFB00108B8A /* AppDelegate.swift in Sources */,
				4319DED42474992900108B8A /* SignUpViewController.swift in Sources */,
				43616A5724757541007C3635 /* LoginViewController.swift in Sources */,
				43616A5D2475DA51007C3635 /* UIViewControllerExtensions.swift in Sources */,
				4319DEA424748EFB00108B8A /* SceneDelegate.swift in Sources */,
				43616A622475E432007C3635 /* Storyboarded.swift in Sources */,
			);
			runOnlyForDeploymentPostprocessing = 0;
		};
		4319DEB324748F0100108B8A /* Sources */ = {
			isa = PBXSourcesBuildPhase;
			buildActionMask = 2147483647;
			files = (
				4319DEBC24748F0200108B8A /* SignUpViewControllerTests.swift in Sources */,
				43616A5A2475CC62007C3635 /* TestExtensions.swift in Sources */,
			);
			runOnlyForDeploymentPostprocessing = 0;
		};
		4319DEBE24748F0200108B8A /* Sources */ = {
			isa = PBXSourcesBuildPhase;
			buildActionMask = 2147483647;
			files = (
				4319DEC724748F0200108B8A /* AppUITests.swift in Sources */,
			);
			runOnlyForDeploymentPostprocessing = 0;
		};
		4323AC97247060A3001AFAEF /* Sources */ = {
			isa = PBXSourcesBuildPhase;
			buildActionMask = 2147483647;
			files = (
				4323AC9E247060A3001AFAEF /* AddAccountIntegrationTests.swift in Sources */,
			);
			runOnlyForDeploymentPostprocessing = 0;
		};
		4356292E246F73D700C28608 /* Sources */ = {
			isa = PBXSourcesBuildPhase;
			buildActionMask = 2147483647;
			files = (
				4323AC92247055C2001AFAEF /* AlamofireAdapter.swift in Sources */,
			);
			runOnlyForDeploymentPostprocessing = 0;
		};
		43562936246F73D800C28608 /* Sources */ = {
			isa = PBXSourcesBuildPhase;
			buildActionMask = 2147483647;
			files = (
				4356294F246F74D600C28608 /* TestFactories.swift in Sources */,
				43562940246F73D800C28608 /* AlamofireAdapterTests.swift in Sources */,
				4356294E246F74D200C28608 /* TestExtensions.swift in Sources */,
				4323AC9624705715001AFAEF /* UrlProtocolStub.swift in Sources */,
			);
			runOnlyForDeploymentPostprocessing = 0;
		};
		43616A642475F1D4007C3635 /* Sources */ = {
			isa = PBXSourcesBuildPhase;
			buildActionMask = 2147483647;
			files = (
				439006322475F72C00B33874 /* EmailValidatorAdapter.swift in Sources */,
			);
			runOnlyForDeploymentPostprocessing = 0;
		};
		43616A6C2475F1D4007C3635 /* Sources */ = {
			isa = PBXSourcesBuildPhase;
			buildActionMask = 2147483647;
			files = (
				43616A762475F1D4007C3635 /* EmailValidatorAdapterTests.swift in Sources */,
			);
			runOnlyForDeploymentPostprocessing = 0;
		};
		439E7CF124707A4A00B73B3D /* Sources */ = {
			isa = PBXSourcesBuildPhase;
			buildActionMask = 2147483647;
			files = (
				43730B3E247309C000E2EE40 /* SignUpMapper.swift in Sources */,
				43F29F1A247090DC0046C402 /* SignPresenter.swift in Sources */,
				435A5EE32472338B008CD75D /* LoadingView.swift in Sources */,
				43730B3C2473096F00E2EE40 /* SignUpViewModel.swift in Sources */,
				43F29F22247091C80046C402 /* AlertView.swift in Sources */,
				43ACD4372470E0370002ACE3 /* EmailValidator.swift in Sources */,
			);
			runOnlyForDeploymentPostprocessing = 0;
		};
		439E7CF924707A4A00B73B3D /* Sources */ = {
			isa = PBXSourcesBuildPhase;
			buildActionMask = 2147483647;
			files = (
				43730B4B24730DC500E2EE40 /* LoadingViewSpy.swift in Sources */,
				43730B4824730D0700E2EE40 /* AddAccountSpy.swift in Sources */,
				43730B4224730C8000E2EE40 /* AlertViewSpy.swift in Sources */,
				43ACD4382470F3B10002ACE3 /* AccountModelFactory.swift in Sources */,
				43730B4524730CCC00E2EE40 /* EmailValidatorSpy.swift in Sources */,
				43ACD439247109B30002ACE3 /* TestExtensions.swift in Sources */,
				43730B4E24730E6B00E2EE40 /* TestFactories.swift in Sources */,
				439E7D0324707A4A00B73B3D /* SignPresenterTests.swift in Sources */,
			);
			runOnlyForDeploymentPostprocessing = 0;
		};
		43D01106246F1D8000D9B903 /* Sources */ = {
			isa = PBXSourcesBuildPhase;
			buildActionMask = 2147483647;
			files = (
				4303A9AC246F353F00BFE6AA /* Model.swift in Sources */,
				43D01113246F1E2300D9B903 /* AddAccount.swift in Sources */,
				4340F9D2246F39C10005CCBB /* DomainError.swift in Sources */,
				43D01115246F202A00D9B903 /* AccountModel.swift in Sources */,
			);
			runOnlyForDeploymentPostprocessing = 0;
		};
		43D01117246F206B00D9B903 /* Sources */ = {
			isa = PBXSourcesBuildPhase;
			buildActionMask = 2147483647;
			files = (
				4303A9B0246F364A00BFE6AA /* HttpPostClient.swift in Sources */,
				43562922246F646300C28608 /* ExtensionHelpers.swift in Sources */,
				4340F9D4246F418E0005CCBB /* HttpError.swift in Sources */,
				4303A9AE246F35DE00BFE6AA /* RemoteAddAccount.swift in Sources */,
			);
			runOnlyForDeploymentPostprocessing = 0;
		};
		43D0111F246F206B00D9B903 /* Sources */ = {
			isa = PBXSourcesBuildPhase;
			buildActionMask = 2147483647;
			files = (
				43562927246F6EDA00C28608 /* TestFactories.swift in Sources */,
				4356292A246F6F2100C28608 /* HttpClientSpy.swift in Sources */,
				43D01129246F206B00D9B903 /* RemoteAddAccountTests.swift in Sources */,
				4356292C246F6F8200C28608 /* AccountModelFactory.swift in Sources */,
				43562925246F6E5E00C28608 /* TestExtensions.swift in Sources */,
			);
			runOnlyForDeploymentPostprocessing = 0;
		};
/* End PBXSourcesBuildPhase section */

/* Begin PBXTargetDependency section */
		4319DEB924748F0100108B8A /* PBXTargetDependency */ = {
			isa = PBXTargetDependency;
			target = 4319DE9E24748EFB00108B8A /* App */;
			targetProxy = 4319DEB824748F0100108B8A /* PBXContainerItemProxy */;
		};
		4319DEC424748F0200108B8A /* PBXTargetDependency */ = {
			isa = PBXTargetDependency;
			target = 4319DE9E24748EFB00108B8A /* App */;
			targetProxy = 4319DEC324748F0200108B8A /* PBXContainerItemProxy */;
		};
		4323ACA2247060A3001AFAEF /* PBXTargetDependency */ = {
			isa = PBXTargetDependency;
			target = 43D0111A246F206B00D9B903 /* Data */;
			targetProxy = 4323ACA1247060A3001AFAEF /* PBXContainerItemProxy */;
		};
		4323ACA7247060B7001AFAEF /* PBXTargetDependency */ = {
			isa = PBXTargetDependency;
			target = 43D01109246F1D8000D9B903 /* Domain */;
			targetProxy = 4323ACA6247060B7001AFAEF /* PBXContainerItemProxy */;
		};
		4323ACA9247060B7001AFAEF /* PBXTargetDependency */ = {
			isa = PBXTargetDependency;
			target = 43562931246F73D700C28608 /* Infra */;
			targetProxy = 4323ACA8247060B7001AFAEF /* PBXContainerItemProxy */;
		};
		4356293D246F73D800C28608 /* PBXTargetDependency */ = {
			isa = PBXTargetDependency;
			target = 43562931246F73D700C28608 /* Infra */;
			targetProxy = 4356293C246F73D800C28608 /* PBXContainerItemProxy */;
		};
		4356294C246F74AB00C28608 /* PBXTargetDependency */ = {
			isa = PBXTargetDependency;
			target = 43D0111A246F206B00D9B903 /* Data */;
			targetProxy = 4356294B246F74AB00C28608 /* PBXContainerItemProxy */;
		};
		43616A732475F1D4007C3635 /* PBXTargetDependency */ = {
			isa = PBXTargetDependency;
			target = 43616A672475F1D4007C3635 /* Validation */;
			targetProxy = 43616A722475F1D4007C3635 /* PBXContainerItemProxy */;
		};
		43616A822475F2CC007C3635 /* PBXTargetDependency */ = {
			isa = PBXTargetDependency;
			target = 439E7CF424707A4A00B73B3D /* Presentation */;
			targetProxy = 43616A812475F2CC007C3635 /* PBXContainerItemProxy */;
		};
		439E7D0024707A4A00B73B3D /* PBXTargetDependency */ = {
			isa = PBXTargetDependency;
			target = 439E7CF424707A4A00B73B3D /* Presentation */;
			targetProxy = 439E7CFF24707A4A00B73B3D /* PBXContainerItemProxy */;
		};
		43ADB5E32474B0F7001C18EB /* PBXTargetDependency */ = {
			isa = PBXTargetDependency;
			target = 439E7CF424707A4A00B73B3D /* Presentation */;
			targetProxy = 43ADB5E22474B0F7001C18EB /* PBXContainerItemProxy */;
		};
		43D01126246F206B00D9B903 /* PBXTargetDependency */ = {
			isa = PBXTargetDependency;
			target = 43D0111A246F206B00D9B903 /* Data */;
			targetProxy = 43D01125246F206B00D9B903 /* PBXContainerItemProxy */;
		};
		43D01136246F209200D9B903 /* PBXTargetDependency */ = {
			isa = PBXTargetDependency;
			target = 43D01109246F1D8000D9B903 /* Domain */;
			targetProxy = 43D01135246F209200D9B903 /* PBXContainerItemProxy */;
		};
		43F29F1E2470914A0046C402 /* PBXTargetDependency */ = {
			isa = PBXTargetDependency;
			target = 43D01109246F1D8000D9B903 /* Domain */;
			targetProxy = 43F29F1D2470914A0046C402 /* PBXContainerItemProxy */;
		};
/* End PBXTargetDependency section */

/* Begin PBXVariantGroup section */
		4319DEA724748EFB00108B8A /* Main.storyboard */ = {
			isa = PBXVariantGroup;
			children = (
				4319DEA824748EFB00108B8A /* Base */,
			);
			name = Main.storyboard;
			sourceTree = "<group>";
		};
		4319DEAF24748F0100108B8A /* LaunchScreen.storyboard */ = {
			isa = PBXVariantGroup;
			children = (
				4319DEB024748F0100108B8A /* Base */,
			);
			name = LaunchScreen.storyboard;
			sourceTree = "<group>";
		};
/* End PBXVariantGroup section */

/* Begin XCBuildConfiguration section */
		4319DECA24748F0200108B8A /* Debug */ = {
			isa = XCBuildConfiguration;
			buildSettings = {
				ASSETCATALOG_COMPILER_APPICON_NAME = AppIcon;
				CODE_SIGN_IDENTITY = "Apple Development";
				CODE_SIGN_STYLE = Automatic;
				DEVELOPMENT_TEAM = 8LH8763329;
				INFOPLIST_FILE = App/Info.plist;
				LD_RUNPATH_SEARCH_PATHS = (
					"$(inherited)",
					"@executable_path/Frameworks",
				);
				PRODUCT_BUNDLE_IDENTIFIER = br.com.julio.App;
				PRODUCT_NAME = "$(TARGET_NAME)";
				PROVISIONING_PROFILE_SPECIFIER = "";
				SWIFT_VERSION = 5.0;
				TARGETED_DEVICE_FAMILY = "1,2";
			};
			name = Debug;
		};
		4319DECB24748F0200108B8A /* Release */ = {
			isa = XCBuildConfiguration;
			buildSettings = {
				ASSETCATALOG_COMPILER_APPICON_NAME = AppIcon;
				CODE_SIGN_IDENTITY = "Apple Development";
				CODE_SIGN_STYLE = Automatic;
				DEVELOPMENT_TEAM = 8LH8763329;
				INFOPLIST_FILE = App/Info.plist;
				LD_RUNPATH_SEARCH_PATHS = (
					"$(inherited)",
					"@executable_path/Frameworks",
				);
				PRODUCT_BUNDLE_IDENTIFIER = br.com.julio.App;
				PRODUCT_NAME = "$(TARGET_NAME)";
				PROVISIONING_PROFILE_SPECIFIER = "";
				SWIFT_VERSION = 5.0;
				TARGETED_DEVICE_FAMILY = "1,2";
			};
			name = Release;
		};
		4319DECD24748F0200108B8A /* Debug */ = {
			isa = XCBuildConfiguration;
			buildSettings = {
				ALWAYS_EMBED_SWIFT_STANDARD_LIBRARIES = YES;
				BUNDLE_LOADER = "$(TEST_HOST)";
				CODE_SIGN_STYLE = Automatic;
				DEVELOPMENT_TEAM = 8LH8763329;
				INFOPLIST_FILE = AppTests/Info.plist;
				IPHONEOS_DEPLOYMENT_TARGET = 13.4;
				LD_RUNPATH_SEARCH_PATHS = (
					"$(inherited)",
					"@executable_path/Frameworks",
					"@loader_path/Frameworks",
				);
				PRODUCT_BUNDLE_IDENTIFIER = br.com.julio.AppTests;
				PRODUCT_NAME = "$(TARGET_NAME)";
				SWIFT_VERSION = 5.0;
				TARGETED_DEVICE_FAMILY = "1,2";
				TEST_HOST = "$(BUILT_PRODUCTS_DIR)/App.app/App";
			};
			name = Debug;
		};
		4319DECE24748F0200108B8A /* Release */ = {
			isa = XCBuildConfiguration;
			buildSettings = {
				ALWAYS_EMBED_SWIFT_STANDARD_LIBRARIES = YES;
				BUNDLE_LOADER = "$(TEST_HOST)";
				CODE_SIGN_STYLE = Automatic;
				DEVELOPMENT_TEAM = 8LH8763329;
				INFOPLIST_FILE = AppTests/Info.plist;
				IPHONEOS_DEPLOYMENT_TARGET = 13.4;
				LD_RUNPATH_SEARCH_PATHS = (
					"$(inherited)",
					"@executable_path/Frameworks",
					"@loader_path/Frameworks",
				);
				PRODUCT_BUNDLE_IDENTIFIER = br.com.julio.AppTests;
				PRODUCT_NAME = "$(TARGET_NAME)";
				SWIFT_VERSION = 5.0;
				TARGETED_DEVICE_FAMILY = "1,2";
				TEST_HOST = "$(BUILT_PRODUCTS_DIR)/App.app/App";
			};
			name = Release;
		};
		4319DED024748F0200108B8A /* Debug */ = {
			isa = XCBuildConfiguration;
			buildSettings = {
				ALWAYS_EMBED_SWIFT_STANDARD_LIBRARIES = YES;
				CODE_SIGN_STYLE = Automatic;
				DEVELOPMENT_TEAM = 8LH8763329;
				INFOPLIST_FILE = AppUITests/Info.plist;
				LD_RUNPATH_SEARCH_PATHS = (
					"$(inherited)",
					"@executable_path/Frameworks",
					"@loader_path/Frameworks",
				);
				PRODUCT_BUNDLE_IDENTIFIER = br.com.julio.AppUITests;
				PRODUCT_NAME = "$(TARGET_NAME)";
				SWIFT_VERSION = 5.0;
				TARGETED_DEVICE_FAMILY = "1,2";
				TEST_TARGET_NAME = App;
			};
			name = Debug;
		};
		4319DED124748F0200108B8A /* Release */ = {
			isa = XCBuildConfiguration;
			buildSettings = {
				ALWAYS_EMBED_SWIFT_STANDARD_LIBRARIES = YES;
				CODE_SIGN_STYLE = Automatic;
				DEVELOPMENT_TEAM = 8LH8763329;
				INFOPLIST_FILE = AppUITests/Info.plist;
				LD_RUNPATH_SEARCH_PATHS = (
					"$(inherited)",
					"@executable_path/Frameworks",
					"@loader_path/Frameworks",
				);
				PRODUCT_BUNDLE_IDENTIFIER = br.com.julio.AppUITests;
				PRODUCT_NAME = "$(TARGET_NAME)";
				SWIFT_VERSION = 5.0;
				TARGETED_DEVICE_FAMILY = "1,2";
				TEST_TARGET_NAME = App;
			};
			name = Release;
		};
		4323ACA4247060A3001AFAEF /* Debug */ = {
			isa = XCBuildConfiguration;
			buildSettings = {
				CODE_SIGN_STYLE = Automatic;
				COMBINE_HIDPI_IMAGES = YES;
				DEVELOPMENT_TEAM = 8LH8763329;
				INFOPLIST_FILE = UseCasesIntegrationTests/Info.plist;
				LD_RUNPATH_SEARCH_PATHS = (
					"$(inherited)",
					"@executable_path/../Frameworks",
					"@loader_path/../Frameworks",
				);
				MACOSX_DEPLOYMENT_TARGET = 10.15;
				PRODUCT_BUNDLE_IDENTIFIER = br.com.julio.UseCasesIntegrationTests;
				PRODUCT_NAME = "$(TARGET_NAME)";
				SDKROOT = macosx;
				SUPPORTED_PLATFORMS = "macosx iphonesimulator iphoneos";
				SWIFT_VERSION = 5.0;
			};
			name = Debug;
		};
		4323ACA5247060A3001AFAEF /* Release */ = {
			isa = XCBuildConfiguration;
			buildSettings = {
				CODE_SIGN_STYLE = Automatic;
				COMBINE_HIDPI_IMAGES = YES;
				DEVELOPMENT_TEAM = 8LH8763329;
				INFOPLIST_FILE = UseCasesIntegrationTests/Info.plist;
				LD_RUNPATH_SEARCH_PATHS = (
					"$(inherited)",
					"@executable_path/../Frameworks",
					"@loader_path/../Frameworks",
				);
				MACOSX_DEPLOYMENT_TARGET = 10.15;
				PRODUCT_BUNDLE_IDENTIFIER = br.com.julio.UseCasesIntegrationTests;
				PRODUCT_NAME = "$(TARGET_NAME)";
				SDKROOT = macosx;
				SUPPORTED_PLATFORMS = "macosx iphonesimulator iphoneos";
				SWIFT_VERSION = 5.0;
			};
			name = Release;
		};
		4328C8AD246F116E007C6B69 /* Debug */ = {
			isa = XCBuildConfiguration;
			buildSettings = {
				ALWAYS_SEARCH_USER_PATHS = NO;
				CLANG_ANALYZER_NONNULL = YES;
				CLANG_ANALYZER_NUMBER_OBJECT_CONVERSION = YES_AGGRESSIVE;
				CLANG_CXX_LANGUAGE_STANDARD = "gnu++14";
				CLANG_CXX_LIBRARY = "libc++";
				CLANG_ENABLE_MODULES = YES;
				CLANG_ENABLE_OBJC_ARC = YES;
				CLANG_ENABLE_OBJC_WEAK = YES;
				CLANG_WARN_BLOCK_CAPTURE_AUTORELEASING = YES;
				CLANG_WARN_BOOL_CONVERSION = YES;
				CLANG_WARN_COMMA = YES;
				CLANG_WARN_CONSTANT_CONVERSION = YES;
				CLANG_WARN_DEPRECATED_OBJC_IMPLEMENTATIONS = YES;
				CLANG_WARN_DIRECT_OBJC_ISA_USAGE = YES_ERROR;
				CLANG_WARN_DOCUMENTATION_COMMENTS = YES;
				CLANG_WARN_EMPTY_BODY = YES;
				CLANG_WARN_ENUM_CONVERSION = YES;
				CLANG_WARN_INFINITE_RECURSION = YES;
				CLANG_WARN_INT_CONVERSION = YES;
				CLANG_WARN_NON_LITERAL_NULL_CONVERSION = YES;
				CLANG_WARN_OBJC_IMPLICIT_RETAIN_SELF = YES;
				CLANG_WARN_OBJC_LITERAL_CONVERSION = YES;
				CLANG_WARN_OBJC_ROOT_CLASS = YES_ERROR;
				CLANG_WARN_RANGE_LOOP_ANALYSIS = YES;
				CLANG_WARN_STRICT_PROTOTYPES = YES;
				CLANG_WARN_SUSPICIOUS_MOVE = YES;
				CLANG_WARN_UNGUARDED_AVAILABILITY = YES_AGGRESSIVE;
				CLANG_WARN_UNREACHABLE_CODE = YES;
				CLANG_WARN__DUPLICATE_METHOD_MATCH = YES;
				COPY_PHASE_STRIP = NO;
				DEBUG_INFORMATION_FORMAT = dwarf;
				ENABLE_STRICT_OBJC_MSGSEND = YES;
				ENABLE_TESTABILITY = YES;
				GCC_C_LANGUAGE_STANDARD = gnu11;
				GCC_DYNAMIC_NO_PIC = NO;
				GCC_NO_COMMON_BLOCKS = YES;
				GCC_OPTIMIZATION_LEVEL = 0;
				GCC_PREPROCESSOR_DEFINITIONS = (
					"DEBUG=1",
					"$(inherited)",
				);
				GCC_WARN_64_TO_32_BIT_CONVERSION = YES;
				GCC_WARN_ABOUT_RETURN_TYPE = YES_ERROR;
				GCC_WARN_UNDECLARED_SELECTOR = YES;
				GCC_WARN_UNINITIALIZED_AUTOS = YES_AGGRESSIVE;
				GCC_WARN_UNUSED_FUNCTION = YES;
				GCC_WARN_UNUSED_VARIABLE = YES;
				IPHONEOS_DEPLOYMENT_TARGET = 13.4;
				MTL_ENABLE_DEBUG_INFO = INCLUDE_SOURCE;
				MTL_FAST_MATH = YES;
				ONLY_ACTIVE_ARCH = YES;
				SDKROOT = iphoneos;
				SWIFT_ACTIVE_COMPILATION_CONDITIONS = DEBUG;
				SWIFT_OPTIMIZATION_LEVEL = "-Onone";
				TREAT_MISSING_BASELINES_AS_TEST_FAILURES = NO;
			};
			name = Debug;
		};
		4328C8AE246F116E007C6B69 /* Release */ = {
			isa = XCBuildConfiguration;
			buildSettings = {
				ALWAYS_SEARCH_USER_PATHS = NO;
				CLANG_ANALYZER_NONNULL = YES;
				CLANG_ANALYZER_NUMBER_OBJECT_CONVERSION = YES_AGGRESSIVE;
				CLANG_CXX_LANGUAGE_STANDARD = "gnu++14";
				CLANG_CXX_LIBRARY = "libc++";
				CLANG_ENABLE_MODULES = YES;
				CLANG_ENABLE_OBJC_ARC = YES;
				CLANG_ENABLE_OBJC_WEAK = YES;
				CLANG_WARN_BLOCK_CAPTURE_AUTORELEASING = YES;
				CLANG_WARN_BOOL_CONVERSION = YES;
				CLANG_WARN_COMMA = YES;
				CLANG_WARN_CONSTANT_CONVERSION = YES;
				CLANG_WARN_DEPRECATED_OBJC_IMPLEMENTATIONS = YES;
				CLANG_WARN_DIRECT_OBJC_ISA_USAGE = YES_ERROR;
				CLANG_WARN_DOCUMENTATION_COMMENTS = YES;
				CLANG_WARN_EMPTY_BODY = YES;
				CLANG_WARN_ENUM_CONVERSION = YES;
				CLANG_WARN_INFINITE_RECURSION = YES;
				CLANG_WARN_INT_CONVERSION = YES;
				CLANG_WARN_NON_LITERAL_NULL_CONVERSION = YES;
				CLANG_WARN_OBJC_IMPLICIT_RETAIN_SELF = YES;
				CLANG_WARN_OBJC_LITERAL_CONVERSION = YES;
				CLANG_WARN_OBJC_ROOT_CLASS = YES_ERROR;
				CLANG_WARN_RANGE_LOOP_ANALYSIS = YES;
				CLANG_WARN_STRICT_PROTOTYPES = YES;
				CLANG_WARN_SUSPICIOUS_MOVE = YES;
				CLANG_WARN_UNGUARDED_AVAILABILITY = YES_AGGRESSIVE;
				CLANG_WARN_UNREACHABLE_CODE = YES;
				CLANG_WARN__DUPLICATE_METHOD_MATCH = YES;
				COPY_PHASE_STRIP = NO;
				DEBUG_INFORMATION_FORMAT = "dwarf-with-dsym";
				ENABLE_NS_ASSERTIONS = NO;
				ENABLE_STRICT_OBJC_MSGSEND = YES;
				GCC_C_LANGUAGE_STANDARD = gnu11;
				GCC_NO_COMMON_BLOCKS = YES;
				GCC_WARN_64_TO_32_BIT_CONVERSION = YES;
				GCC_WARN_ABOUT_RETURN_TYPE = YES_ERROR;
				GCC_WARN_UNDECLARED_SELECTOR = YES;
				GCC_WARN_UNINITIALIZED_AUTOS = YES_AGGRESSIVE;
				GCC_WARN_UNUSED_FUNCTION = YES;
				GCC_WARN_UNUSED_VARIABLE = YES;
				IPHONEOS_DEPLOYMENT_TARGET = 13.4;
				MTL_ENABLE_DEBUG_INFO = NO;
				MTL_FAST_MATH = YES;
				SDKROOT = iphoneos;
				SWIFT_COMPILATION_MODE = wholemodule;
				SWIFT_OPTIMIZATION_LEVEL = "-O";
				TREAT_MISSING_BASELINES_AS_TEST_FAILURES = NO;
				VALIDATE_PRODUCT = YES;
			};
			name = Release;
		};
		43562944246F73D800C28608 /* Debug */ = {
			isa = XCBuildConfiguration;
			buildSettings = {
				CLANG_ENABLE_MODULES = YES;
				CODE_SIGN_IDENTITY = "Apple Development";
				CODE_SIGN_STYLE = Automatic;
				COMBINE_HIDPI_IMAGES = YES;
				CURRENT_PROJECT_VERSION = 1;
				DEFINES_MODULE = YES;
				DEVELOPMENT_TEAM = 8LH8763329;
				DYLIB_COMPATIBILITY_VERSION = 1;
				DYLIB_CURRENT_VERSION = 1;
				DYLIB_INSTALL_NAME_BASE = "@rpath";
				INFOPLIST_FILE = Infra/Info.plist;
				INSTALL_PATH = "$(LOCAL_LIBRARY_DIR)/Frameworks";
				LD_RUNPATH_SEARCH_PATHS = (
					"$(inherited)",
					"@executable_path/../Frameworks",
					"@loader_path/Frameworks",
				);
				MACOSX_DEPLOYMENT_TARGET = 10.15;
				PRODUCT_BUNDLE_IDENTIFIER = br.com.julio.Infra;
				PRODUCT_NAME = "$(TARGET_NAME:c99extidentifier)";
				SDKROOT = macosx;
				SKIP_INSTALL = YES;
				SUPPORTED_PLATFORMS = "macosx iphonesimulator iphoneos";
				SWIFT_OPTIMIZATION_LEVEL = "-Onone";
				SWIFT_VERSION = 5.0;
				VERSIONING_SYSTEM = "apple-generic";
				VERSION_INFO_PREFIX = "";
			};
			name = Debug;
		};
		43562945246F73D800C28608 /* Release */ = {
			isa = XCBuildConfiguration;
			buildSettings = {
				CLANG_ENABLE_MODULES = YES;
				CODE_SIGN_IDENTITY = "Apple Development";
				CODE_SIGN_STYLE = Automatic;
				COMBINE_HIDPI_IMAGES = YES;
				CURRENT_PROJECT_VERSION = 1;
				DEFINES_MODULE = YES;
				DEVELOPMENT_TEAM = 8LH8763329;
				DYLIB_COMPATIBILITY_VERSION = 1;
				DYLIB_CURRENT_VERSION = 1;
				DYLIB_INSTALL_NAME_BASE = "@rpath";
				INFOPLIST_FILE = Infra/Info.plist;
				INSTALL_PATH = "$(LOCAL_LIBRARY_DIR)/Frameworks";
				LD_RUNPATH_SEARCH_PATHS = (
					"$(inherited)",
					"@executable_path/../Frameworks",
					"@loader_path/Frameworks",
				);
				MACOSX_DEPLOYMENT_TARGET = 10.15;
				PRODUCT_BUNDLE_IDENTIFIER = br.com.julio.Infra;
				PRODUCT_NAME = "$(TARGET_NAME:c99extidentifier)";
				SDKROOT = macosx;
				SKIP_INSTALL = YES;
				SUPPORTED_PLATFORMS = "macosx iphonesimulator iphoneos";
				SWIFT_VERSION = 5.0;
				VERSIONING_SYSTEM = "apple-generic";
				VERSION_INFO_PREFIX = "";
			};
			name = Release;
		};
		43562947246F73D800C28608 /* Debug */ = {
			isa = XCBuildConfiguration;
			buildSettings = {
				ALWAYS_EMBED_SWIFT_STANDARD_LIBRARIES = YES;
				CODE_SIGN_STYLE = Automatic;
				COMBINE_HIDPI_IMAGES = YES;
				DEVELOPMENT_TEAM = 8LH8763329;
				INFOPLIST_FILE = InfraTests/Info.plist;
				LD_RUNPATH_SEARCH_PATHS = (
					"$(inherited)",
					"@executable_path/../Frameworks",
					"@loader_path/../Frameworks",
				);
				MACOSX_DEPLOYMENT_TARGET = 10.15;
				PRODUCT_BUNDLE_IDENTIFIER = br.com.julio.InfraTests;
				PRODUCT_NAME = "$(TARGET_NAME)";
				SDKROOT = macosx;
				SUPPORTED_PLATFORMS = "macosx iphonesimulator iphoneos";
				SWIFT_VERSION = 5.0;
			};
			name = Debug;
		};
		43562948246F73D800C28608 /* Release */ = {
			isa = XCBuildConfiguration;
			buildSettings = {
				ALWAYS_EMBED_SWIFT_STANDARD_LIBRARIES = YES;
				CODE_SIGN_STYLE = Automatic;
				COMBINE_HIDPI_IMAGES = YES;
				DEVELOPMENT_TEAM = 8LH8763329;
				INFOPLIST_FILE = InfraTests/Info.plist;
				LD_RUNPATH_SEARCH_PATHS = (
					"$(inherited)",
					"@executable_path/../Frameworks",
					"@loader_path/../Frameworks",
				);
				MACOSX_DEPLOYMENT_TARGET = 10.15;
				PRODUCT_BUNDLE_IDENTIFIER = br.com.julio.InfraTests;
				PRODUCT_NAME = "$(TARGET_NAME)";
				SDKROOT = macosx;
				SUPPORTED_PLATFORMS = "macosx iphonesimulator iphoneos";
				SWIFT_VERSION = 5.0;
			};
			name = Release;
		};
		43616A7A2475F1D4007C3635 /* Debug */ = {
			isa = XCBuildConfiguration;
			buildSettings = {
				CLANG_ENABLE_MODULES = YES;
				CODE_SIGN_STYLE = Automatic;
				COMBINE_HIDPI_IMAGES = YES;
				CURRENT_PROJECT_VERSION = 1;
				DEFINES_MODULE = YES;
				DEVELOPMENT_TEAM = 8LH8763329;
				DYLIB_COMPATIBILITY_VERSION = 1;
				DYLIB_CURRENT_VERSION = 1;
				DYLIB_INSTALL_NAME_BASE = "@rpath";
				INFOPLIST_FILE = Validation/Info.plist;
				INSTALL_PATH = "$(LOCAL_LIBRARY_DIR)/Frameworks";
				LD_RUNPATH_SEARCH_PATHS = (
					"$(inherited)",
					"@executable_path/../Frameworks",
					"@loader_path/Frameworks",
				);
				MACOSX_DEPLOYMENT_TARGET = 10.15;
				PRODUCT_BUNDLE_IDENTIFIER = br.com.julio.Validation;
				PRODUCT_NAME = "$(TARGET_NAME:c99extidentifier)";
				SDKROOT = macosx;
				SKIP_INSTALL = YES;
				SUPPORTED_PLATFORMS = "macosx iphonesimulator iphoneos";
				SWIFT_OPTIMIZATION_LEVEL = "-Onone";
				SWIFT_VERSION = 5.0;
				VERSIONING_SYSTEM = "apple-generic";
				VERSION_INFO_PREFIX = "";
			};
			name = Debug;
		};
		43616A7B2475F1D4007C3635 /* Release */ = {
			isa = XCBuildConfiguration;
			buildSettings = {
				CLANG_ENABLE_MODULES = YES;
				CODE_SIGN_STYLE = Automatic;
				COMBINE_HIDPI_IMAGES = YES;
				CURRENT_PROJECT_VERSION = 1;
				DEFINES_MODULE = YES;
				DEVELOPMENT_TEAM = 8LH8763329;
				DYLIB_COMPATIBILITY_VERSION = 1;
				DYLIB_CURRENT_VERSION = 1;
				DYLIB_INSTALL_NAME_BASE = "@rpath";
				INFOPLIST_FILE = Validation/Info.plist;
				INSTALL_PATH = "$(LOCAL_LIBRARY_DIR)/Frameworks";
				LD_RUNPATH_SEARCH_PATHS = (
					"$(inherited)",
					"@executable_path/../Frameworks",
					"@loader_path/Frameworks",
				);
				MACOSX_DEPLOYMENT_TARGET = 10.15;
				PRODUCT_BUNDLE_IDENTIFIER = br.com.julio.Validation;
				PRODUCT_NAME = "$(TARGET_NAME:c99extidentifier)";
				SDKROOT = macosx;
				SKIP_INSTALL = YES;
				SUPPORTED_PLATFORMS = "macosx iphonesimulator iphoneos";
				SWIFT_VERSION = 5.0;
				VERSIONING_SYSTEM = "apple-generic";
				VERSION_INFO_PREFIX = "";
			};
			name = Release;
		};
		43616A7D2475F1D4007C3635 /* Debug */ = {
			isa = XCBuildConfiguration;
			buildSettings = {
				ALWAYS_EMBED_SWIFT_STANDARD_LIBRARIES = YES;
				CODE_SIGN_STYLE = Automatic;
				COMBINE_HIDPI_IMAGES = YES;
				DEVELOPMENT_TEAM = 8LH8763329;
				INFOPLIST_FILE = ValidationTests/Info.plist;
				LD_RUNPATH_SEARCH_PATHS = (
					"$(inherited)",
					"@executable_path/../Frameworks",
					"@loader_path/../Frameworks",
				);
				MACOSX_DEPLOYMENT_TARGET = 10.15;
				PRODUCT_BUNDLE_IDENTIFIER = br.com.julio.ValidationTests;
				PRODUCT_NAME = "$(TARGET_NAME)";
				SDKROOT = macosx;
				SUPPORTED_PLATFORMS = "macosx iphoneos iphonesimulator";
				SWIFT_VERSION = 5.0;
			};
			name = Debug;
		};
		43616A7E2475F1D4007C3635 /* Release */ = {
			isa = XCBuildConfiguration;
			buildSettings = {
				ALWAYS_EMBED_SWIFT_STANDARD_LIBRARIES = YES;
				CODE_SIGN_STYLE = Automatic;
				COMBINE_HIDPI_IMAGES = YES;
				DEVELOPMENT_TEAM = 8LH8763329;
				INFOPLIST_FILE = ValidationTests/Info.plist;
				LD_RUNPATH_SEARCH_PATHS = (
					"$(inherited)",
					"@executable_path/../Frameworks",
					"@loader_path/../Frameworks",
				);
				MACOSX_DEPLOYMENT_TARGET = 10.15;
				PRODUCT_BUNDLE_IDENTIFIER = br.com.julio.ValidationTests;
				PRODUCT_NAME = "$(TARGET_NAME)";
				SDKROOT = macosx;
				SUPPORTED_PLATFORMS = "macosx iphoneos iphonesimulator";
				SWIFT_VERSION = 5.0;
			};
			name = Release;
		};
		439E7D0624707A4A00B73B3D /* Debug */ = {
			isa = XCBuildConfiguration;
			buildSettings = {
				CLANG_ENABLE_MODULES = YES;
				CODE_SIGN_IDENTITY = "Apple Development";
				CODE_SIGN_STYLE = Automatic;
				COMBINE_HIDPI_IMAGES = YES;
				CURRENT_PROJECT_VERSION = 1;
				DEFINES_MODULE = YES;
				DEVELOPMENT_TEAM = 8LH8763329;
				DYLIB_COMPATIBILITY_VERSION = 1;
				DYLIB_CURRENT_VERSION = 1;
				DYLIB_INSTALL_NAME_BASE = "@rpath";
				INFOPLIST_FILE = Presentation/Info.plist;
				INSTALL_PATH = "$(LOCAL_LIBRARY_DIR)/Frameworks";
				LD_RUNPATH_SEARCH_PATHS = (
					"$(inherited)",
					"@executable_path/../Frameworks",
					"@loader_path/Frameworks",
				);
				MACOSX_DEPLOYMENT_TARGET = 10.15;
				PRODUCT_BUNDLE_IDENTIFIER = br.com.julio.Presentation;
				PRODUCT_NAME = "$(TARGET_NAME:c99extidentifier)";
				SDKROOT = macosx;
				SKIP_INSTALL = YES;
				SUPPORTED_PLATFORMS = "macosx iphonesimulator iphoneos";
				SWIFT_OPTIMIZATION_LEVEL = "-Onone";
				SWIFT_VERSION = 5.0;
				VERSIONING_SYSTEM = "apple-generic";
				VERSION_INFO_PREFIX = "";
			};
			name = Debug;
		};
		439E7D0724707A4A00B73B3D /* Release */ = {
			isa = XCBuildConfiguration;
			buildSettings = {
				CLANG_ENABLE_MODULES = YES;
				CODE_SIGN_IDENTITY = "Apple Development";
				CODE_SIGN_STYLE = Automatic;
				COMBINE_HIDPI_IMAGES = YES;
				CURRENT_PROJECT_VERSION = 1;
				DEFINES_MODULE = YES;
				DEVELOPMENT_TEAM = 8LH8763329;
				DYLIB_COMPATIBILITY_VERSION = 1;
				DYLIB_CURRENT_VERSION = 1;
				DYLIB_INSTALL_NAME_BASE = "@rpath";
				INFOPLIST_FILE = Presentation/Info.plist;
				INSTALL_PATH = "$(LOCAL_LIBRARY_DIR)/Frameworks";
				LD_RUNPATH_SEARCH_PATHS = (
					"$(inherited)",
					"@executable_path/../Frameworks",
					"@loader_path/Frameworks",
				);
				MACOSX_DEPLOYMENT_TARGET = 10.15;
				PRODUCT_BUNDLE_IDENTIFIER = br.com.julio.Presentation;
				PRODUCT_NAME = "$(TARGET_NAME:c99extidentifier)";
				SDKROOT = macosx;
				SKIP_INSTALL = YES;
				SUPPORTED_PLATFORMS = "macosx iphonesimulator iphoneos";
				SWIFT_VERSION = 5.0;
				VERSIONING_SYSTEM = "apple-generic";
				VERSION_INFO_PREFIX = "";
			};
			name = Release;
		};
		439E7D0824707A4A00B73B3D /* Debug */ = {
			isa = XCBuildConfiguration;
			buildSettings = {
				ALWAYS_EMBED_SWIFT_STANDARD_LIBRARIES = YES;
				CODE_SIGN_STYLE = Automatic;
				COMBINE_HIDPI_IMAGES = YES;
				DEVELOPMENT_TEAM = 8LH8763329;
				INFOPLIST_FILE = PresentationTests/Info.plist;
				LD_RUNPATH_SEARCH_PATHS = (
					"$(inherited)",
					"@executable_path/../Frameworks",
					"@loader_path/../Frameworks",
				);
				MACOSX_DEPLOYMENT_TARGET = 10.15;
				PRODUCT_BUNDLE_IDENTIFIER = br.com.julio.PresentationTests;
				PRODUCT_NAME = "$(TARGET_NAME)";
				SDKROOT = macosx;
				SUPPORTED_PLATFORMS = "macosx iphonesimulator iphoneos";
				SWIFT_VERSION = 5.0;
			};
			name = Debug;
		};
		439E7D0924707A4A00B73B3D /* Release */ = {
			isa = XCBuildConfiguration;
			buildSettings = {
				ALWAYS_EMBED_SWIFT_STANDARD_LIBRARIES = YES;
				CODE_SIGN_STYLE = Automatic;
				COMBINE_HIDPI_IMAGES = YES;
				DEVELOPMENT_TEAM = 8LH8763329;
				INFOPLIST_FILE = PresentationTests/Info.plist;
				LD_RUNPATH_SEARCH_PATHS = (
					"$(inherited)",
					"@executable_path/../Frameworks",
					"@loader_path/../Frameworks",
				);
				MACOSX_DEPLOYMENT_TARGET = 10.15;
				PRODUCT_BUNDLE_IDENTIFIER = br.com.julio.PresentationTests;
				PRODUCT_NAME = "$(TARGET_NAME)";
				SDKROOT = macosx;
				SUPPORTED_PLATFORMS = "macosx iphonesimulator iphoneos";
				SWIFT_VERSION = 5.0;
			};
			name = Release;
		};
		43D0110F246F1D8000D9B903 /* Debug */ = {
			isa = XCBuildConfiguration;
			buildSettings = {
				CLANG_ENABLE_MODULES = YES;
				CODE_SIGN_IDENTITY = "Apple Development";
				CODE_SIGN_STYLE = Automatic;
				COMBINE_HIDPI_IMAGES = YES;
				CURRENT_PROJECT_VERSION = 1;
				DEFINES_MODULE = YES;
				DEVELOPMENT_TEAM = 8LH8763329;
				DYLIB_COMPATIBILITY_VERSION = 1;
				DYLIB_CURRENT_VERSION = 1;
				DYLIB_INSTALL_NAME_BASE = "@rpath";
				INFOPLIST_FILE = Domain/Info.plist;
				INSTALL_PATH = "$(LOCAL_LIBRARY_DIR)/Frameworks";
				LD_RUNPATH_SEARCH_PATHS = (
					"$(inherited)",
					"@executable_path/../Frameworks",
					"@loader_path/Frameworks",
				);
				MACOSX_DEPLOYMENT_TARGET = 10.15;
				PRODUCT_BUNDLE_IDENTIFIER = br.com.julio.Domain;
				PRODUCT_NAME = "$(TARGET_NAME:c99extidentifier)";
				SDKROOT = macosx;
				SKIP_INSTALL = YES;
				SUPPORTED_PLATFORMS = "macosx iphonesimulator iphoneos";
				SWIFT_OPTIMIZATION_LEVEL = "-Onone";
				SWIFT_VERSION = 5.0;
				VERSIONING_SYSTEM = "apple-generic";
				VERSION_INFO_PREFIX = "";
			};
			name = Debug;
		};
		43D01110246F1D8000D9B903 /* Release */ = {
			isa = XCBuildConfiguration;
			buildSettings = {
				CLANG_ENABLE_MODULES = YES;
				CODE_SIGN_IDENTITY = "Apple Development";
				CODE_SIGN_STYLE = Automatic;
				COMBINE_HIDPI_IMAGES = YES;
				CURRENT_PROJECT_VERSION = 1;
				DEFINES_MODULE = YES;
				DEVELOPMENT_TEAM = 8LH8763329;
				DYLIB_COMPATIBILITY_VERSION = 1;
				DYLIB_CURRENT_VERSION = 1;
				DYLIB_INSTALL_NAME_BASE = "@rpath";
				INFOPLIST_FILE = Domain/Info.plist;
				INSTALL_PATH = "$(LOCAL_LIBRARY_DIR)/Frameworks";
				LD_RUNPATH_SEARCH_PATHS = (
					"$(inherited)",
					"@executable_path/../Frameworks",
					"@loader_path/Frameworks",
				);
				MACOSX_DEPLOYMENT_TARGET = 10.15;
				PRODUCT_BUNDLE_IDENTIFIER = br.com.julio.Domain;
				PRODUCT_NAME = "$(TARGET_NAME:c99extidentifier)";
				SDKROOT = macosx;
				SKIP_INSTALL = YES;
				SUPPORTED_PLATFORMS = "macosx iphonesimulator iphoneos";
				SWIFT_VERSION = 5.0;
				VERSIONING_SYSTEM = "apple-generic";
				VERSION_INFO_PREFIX = "";
			};
			name = Release;
		};
		43D0112D246F206B00D9B903 /* Debug */ = {
			isa = XCBuildConfiguration;
			buildSettings = {
				CLANG_ENABLE_MODULES = YES;
				CODE_SIGN_IDENTITY = "Apple Development";
				CODE_SIGN_STYLE = Automatic;
				COMBINE_HIDPI_IMAGES = YES;
				CURRENT_PROJECT_VERSION = 1;
				DEFINES_MODULE = YES;
				DEVELOPMENT_TEAM = 8LH8763329;
				DYLIB_COMPATIBILITY_VERSION = 1;
				DYLIB_CURRENT_VERSION = 1;
				DYLIB_INSTALL_NAME_BASE = "@rpath";
				INFOPLIST_FILE = Data/Info.plist;
				INSTALL_PATH = "$(LOCAL_LIBRARY_DIR)/Frameworks";
				LD_RUNPATH_SEARCH_PATHS = (
					"$(inherited)",
					"@executable_path/../Frameworks",
					"@loader_path/Frameworks",
				);
				MACOSX_DEPLOYMENT_TARGET = 10.15;
				PRODUCT_BUNDLE_IDENTIFIER = br.com.julio.Data;
				PRODUCT_NAME = "$(TARGET_NAME:c99extidentifier)";
				SDKROOT = macosx;
				SKIP_INSTALL = YES;
				SUPPORTED_PLATFORMS = "macosx iphonesimulator iphoneos";
				SWIFT_OPTIMIZATION_LEVEL = "-Onone";
				SWIFT_VERSION = 5.0;
				VERSIONING_SYSTEM = "apple-generic";
				VERSION_INFO_PREFIX = "";
			};
			name = Debug;
		};
		43D0112E246F206B00D9B903 /* Release */ = {
			isa = XCBuildConfiguration;
			buildSettings = {
				CLANG_ENABLE_MODULES = YES;
				CODE_SIGN_IDENTITY = "Apple Development";
				CODE_SIGN_STYLE = Automatic;
				COMBINE_HIDPI_IMAGES = YES;
				CURRENT_PROJECT_VERSION = 1;
				DEFINES_MODULE = YES;
				DEVELOPMENT_TEAM = 8LH8763329;
				DYLIB_COMPATIBILITY_VERSION = 1;
				DYLIB_CURRENT_VERSION = 1;
				DYLIB_INSTALL_NAME_BASE = "@rpath";
				INFOPLIST_FILE = Data/Info.plist;
				INSTALL_PATH = "$(LOCAL_LIBRARY_DIR)/Frameworks";
				LD_RUNPATH_SEARCH_PATHS = (
					"$(inherited)",
					"@executable_path/../Frameworks",
					"@loader_path/Frameworks",
				);
				MACOSX_DEPLOYMENT_TARGET = 10.15;
				PRODUCT_BUNDLE_IDENTIFIER = br.com.julio.Data;
				PRODUCT_NAME = "$(TARGET_NAME:c99extidentifier)";
				SDKROOT = macosx;
				SKIP_INSTALL = YES;
				SUPPORTED_PLATFORMS = "macosx iphonesimulator iphoneos";
				SWIFT_VERSION = 5.0;
				VERSIONING_SYSTEM = "apple-generic";
				VERSION_INFO_PREFIX = "";
			};
			name = Release;
		};
		43D01130246F206B00D9B903 /* Debug */ = {
			isa = XCBuildConfiguration;
			buildSettings = {
				ALWAYS_EMBED_SWIFT_STANDARD_LIBRARIES = YES;
				CODE_SIGN_STYLE = Automatic;
				COMBINE_HIDPI_IMAGES = YES;
				DEVELOPMENT_TEAM = 8LH8763329;
				INFOPLIST_FILE = DataTests/Info.plist;
				LD_RUNPATH_SEARCH_PATHS = (
					"$(inherited)",
					"@executable_path/../Frameworks",
					"@loader_path/../Frameworks",
				);
				MACOSX_DEPLOYMENT_TARGET = 10.15;
				PRODUCT_BUNDLE_IDENTIFIER = br.com.julio.DataTests;
				PRODUCT_NAME = "$(TARGET_NAME)";
				SDKROOT = macosx;
				SUPPORTED_PLATFORMS = "macosx iphonesimulator iphoneos";
				SWIFT_VERSION = 5.0;
			};
			name = Debug;
		};
		43D01131246F206B00D9B903 /* Release */ = {
			isa = XCBuildConfiguration;
			buildSettings = {
				ALWAYS_EMBED_SWIFT_STANDARD_LIBRARIES = YES;
				CODE_SIGN_STYLE = Automatic;
				COMBINE_HIDPI_IMAGES = YES;
				DEVELOPMENT_TEAM = 8LH8763329;
				INFOPLIST_FILE = DataTests/Info.plist;
				LD_RUNPATH_SEARCH_PATHS = (
					"$(inherited)",
					"@executable_path/../Frameworks",
					"@loader_path/../Frameworks",
				);
				MACOSX_DEPLOYMENT_TARGET = 10.15;
				PRODUCT_BUNDLE_IDENTIFIER = br.com.julio.DataTests;
				PRODUCT_NAME = "$(TARGET_NAME)";
				SDKROOT = macosx;
				SUPPORTED_PLATFORMS = "macosx iphonesimulator iphoneos";
				SWIFT_VERSION = 5.0;
			};
			name = Release;
		};
/* End XCBuildConfiguration section */

/* Begin XCConfigurationList section */
		4319DEC924748F0200108B8A /* Build configuration list for PBXNativeTarget "App" */ = {
			isa = XCConfigurationList;
			buildConfigurations = (
				4319DECA24748F0200108B8A /* Debug */,
				4319DECB24748F0200108B8A /* Release */,
			);
			defaultConfigurationIsVisible = 0;
			defaultConfigurationName = Release;
		};
		4319DECC24748F0200108B8A /* Build configuration list for PBXNativeTarget "AppTests" */ = {
			isa = XCConfigurationList;
			buildConfigurations = (
				4319DECD24748F0200108B8A /* Debug */,
				4319DECE24748F0200108B8A /* Release */,
			);
			defaultConfigurationIsVisible = 0;
			defaultConfigurationName = Release;
		};
		4319DECF24748F0200108B8A /* Build configuration list for PBXNativeTarget "AppUITests" */ = {
			isa = XCConfigurationList;
			buildConfigurations = (
				4319DED024748F0200108B8A /* Debug */,
				4319DED124748F0200108B8A /* Release */,
			);
			defaultConfigurationIsVisible = 0;
			defaultConfigurationName = Release;
		};
		4323ACA3247060A3001AFAEF /* Build configuration list for PBXNativeTarget "UseCasesIntegrationTests" */ = {
			isa = XCConfigurationList;
			buildConfigurations = (
				4323ACA4247060A3001AFAEF /* Debug */,
				4323ACA5247060A3001AFAEF /* Release */,
			);
			defaultConfigurationIsVisible = 0;
			defaultConfigurationName = Release;
		};
		4328C888246F1164007C6B69 /* Build configuration list for PBXProject "VestibularApp" */ = {
			isa = XCConfigurationList;
			buildConfigurations = (
				4328C8AD246F116E007C6B69 /* Debug */,
				4328C8AE246F116E007C6B69 /* Release */,
			);
			defaultConfigurationIsVisible = 0;
			defaultConfigurationName = Release;
		};
		43562943246F73D800C28608 /* Build configuration list for PBXNativeTarget "Infra" */ = {
			isa = XCConfigurationList;
			buildConfigurations = (
				43562944246F73D800C28608 /* Debug */,
				43562945246F73D800C28608 /* Release */,
			);
			defaultConfigurationIsVisible = 0;
			defaultConfigurationName = Release;
		};
		43562946246F73D800C28608 /* Build configuration list for PBXNativeTarget "InfraTests" */ = {
			isa = XCConfigurationList;
			buildConfigurations = (
				43562947246F73D800C28608 /* Debug */,
				43562948246F73D800C28608 /* Release */,
			);
			defaultConfigurationIsVisible = 0;
			defaultConfigurationName = Release;
		};
		43616A792475F1D4007C3635 /* Build configuration list for PBXNativeTarget "Validation" */ = {
			isa = XCConfigurationList;
			buildConfigurations = (
				43616A7A2475F1D4007C3635 /* Debug */,
				43616A7B2475F1D4007C3635 /* Release */,
			);
			defaultConfigurationIsVisible = 0;
			defaultConfigurationName = Release;
		};
		43616A7C2475F1D4007C3635 /* Build configuration list for PBXNativeTarget "ValidationTests" */ = {
			isa = XCConfigurationList;
			buildConfigurations = (
				43616A7D2475F1D4007C3635 /* Debug */,
				43616A7E2475F1D4007C3635 /* Release */,
			);
			defaultConfigurationIsVisible = 0;
			defaultConfigurationName = Release;
		};
		439E7D0A24707A4A00B73B3D /* Build configuration list for PBXNativeTarget "Presentation" */ = {
			isa = XCConfigurationList;
			buildConfigurations = (
				439E7D0624707A4A00B73B3D /* Debug */,
				439E7D0724707A4A00B73B3D /* Release */,
			);
			defaultConfigurationIsVisible = 0;
			defaultConfigurationName = Release;
		};
		439E7D0B24707A4A00B73B3D /* Build configuration list for PBXNativeTarget "PresentationTests" */ = {
			isa = XCConfigurationList;
			buildConfigurations = (
				439E7D0824707A4A00B73B3D /* Debug */,
				439E7D0924707A4A00B73B3D /* Release */,
			);
			defaultConfigurationIsVisible = 0;
			defaultConfigurationName = Release;
		};
		43D01111246F1D8000D9B903 /* Build configuration list for PBXNativeTarget "Domain" */ = {
			isa = XCConfigurationList;
			buildConfigurations = (
				43D0110F246F1D8000D9B903 /* Debug */,
				43D01110246F1D8000D9B903 /* Release */,
			);
			defaultConfigurationIsVisible = 0;
			defaultConfigurationName = Release;
		};
		43D0112C246F206B00D9B903 /* Build configuration list for PBXNativeTarget "Data" */ = {
			isa = XCConfigurationList;
			buildConfigurations = (
				43D0112D246F206B00D9B903 /* Debug */,
				43D0112E246F206B00D9B903 /* Release */,
			);
			defaultConfigurationIsVisible = 0;
			defaultConfigurationName = Release;
		};
		43D0112F246F206B00D9B903 /* Build configuration list for PBXNativeTarget "DataTests" */ = {
			isa = XCConfigurationList;
			buildConfigurations = (
				43D01130246F206B00D9B903 /* Debug */,
				43D01131246F206B00D9B903 /* Release */,
			);
			defaultConfigurationIsVisible = 0;
			defaultConfigurationName = Release;
		};
/* End XCConfigurationList section */

/* Begin XCRemoteSwiftPackageReference section */
		43562950246F758C00C28608 /* XCRemoteSwiftPackageReference "Alamofire" */ = {
			isa = XCRemoteSwiftPackageReference;
			repositoryURL = "https://github.com/Alamofire/Alamofire.git";
			requirement = {
				kind = upToNextMajorVersion;
				minimumVersion = 5.1.0;
			};
		};
/* End XCRemoteSwiftPackageReference section */

/* Begin XCSwiftPackageProductDependency section */
		43562951246F758C00C28608 /* Alamofire */ = {
			isa = XCSwiftPackageProductDependency;
			package = 43562950246F758C00C28608 /* XCRemoteSwiftPackageReference "Alamofire" */;
			productName = Alamofire;
		};
/* End XCSwiftPackageProductDependency section */

/* Begin XCVersionGroup section */
		4319DEAA24748EFB00108B8A /* App.xcdatamodeld */ = {
			isa = XCVersionGroup;
			children = (
				4319DEAB24748EFB00108B8A /* App.xcdatamodel */,
			);
			currentVersion = 4319DEAB24748EFB00108B8A /* App.xcdatamodel */;
			path = App.xcdatamodeld;
			sourceTree = "<group>";
			versionGroupType = wrapper.xcdatamodel;
		};
/* End XCVersionGroup section */
	};
	rootObject = 4328C885246F1164007C6B69 /* Project object */;
}
